// !$*UTF8*$!
{
	archiveVersion = 1;
	classes = {
	};
	objectVersion = 55;
	objects = {

/* Begin PBXBuildFile section */
		845F1D4828A2796F008C254B /* AppDelegate.swift in Sources */ = {isa = PBXBuildFile; fileRef = 845F1D4728A2796F008C254B /* AppDelegate.swift */; };
		845F1D4A28A2796F008C254B /* SceneDelegate.swift in Sources */ = {isa = PBXBuildFile; fileRef = 845F1D4928A2796F008C254B /* SceneDelegate.swift */; };
		845F1D4C28A2796F008C254B /* ViewController.swift in Sources */ = {isa = PBXBuildFile; fileRef = 845F1D4B28A2796F008C254B /* ViewController.swift */; };
		845F1D4F28A2796F008C254B /* Main.storyboard in Resources */ = {isa = PBXBuildFile; fileRef = 845F1D4D28A2796F008C254B /* Main.storyboard */; };
		845F1D5128A27971008C254B /* Assets.xcassets in Resources */ = {isa = PBXBuildFile; fileRef = 845F1D5028A27971008C254B /* Assets.xcassets */; };
		845F1D5428A27971008C254B /* LaunchScreen.storyboard in Resources */ = {isa = PBXBuildFile; fileRef = 845F1D5228A27971008C254B /* LaunchScreen.storyboard */; };
		845F1D5C28A27A26008C254B /* GoogleService-Info.plist in Resources */ = {isa = PBXBuildFile; fileRef = 845F1D5B28A27A26008C254B /* GoogleService-Info.plist */; };
		845F1D5F28A27D93008C254B /* FirebaseDatabase in Frameworks */ = {isa = PBXBuildFile; productRef = 845F1D5E28A27D93008C254B /* FirebaseDatabase */; };
		845F1D6128A28137008C254B /* KisiHucreTableViewCell.swift in Sources */ = {isa = PBXBuildFile; fileRef = 845F1D6028A28137008C254B /* KisiHucreTableViewCell.swift */; };
		845F1D6328A2814A008C254B /* KisiEkleViewController.swift in Sources */ = {isa = PBXBuildFile; fileRef = 845F1D6228A2814A008C254B /* KisiEkleViewController.swift */; };
		845F1D6528A28152008C254B /* KisiGuncelleViewController.swift in Sources */ = {isa = PBXBuildFile; fileRef = 845F1D6428A28152008C254B /* KisiGuncelleViewController.swift */; };
		845F1D6728A2815A008C254B /* KisiDetayViewController.swift in Sources */ = {isa = PBXBuildFile; fileRef = 845F1D6628A2815A008C254B /* KisiDetayViewController.swift */; };
		845F1D6928A28310008C254B /* Kisiler.swift in Sources */ = {isa = PBXBuildFile; fileRef = 845F1D6828A28310008C254B /* Kisiler.swift */; };
/* End PBXBuildFile section */

/* Begin PBXFileReference section */
		845F1D4428A2796F008C254B /* FirebaseKisilerUygulamasi.app */ = {isa = PBXFileReference; explicitFileType = wrapper.application; includeInIndex = 0; path = FirebaseKisilerUygulamasi.app; sourceTree = BUILT_PRODUCTS_DIR; };
		845F1D4728A2796F008C254B /* AppDelegate.swift */ = {isa = PBXFileReference; lastKnownFileType = sourcecode.swift; path = AppDelegate.swift; sourceTree = "<group>"; };
		845F1D4928A2796F008C254B /* SceneDelegate.swift */ = {isa = PBXFileReference; lastKnownFileType = sourcecode.swift; path = SceneDelegate.swift; sourceTree = "<group>"; };
		845F1D4B28A2796F008C254B /* ViewController.swift */ = {isa = PBXFileReference; lastKnownFileType = sourcecode.swift; path = ViewController.swift; sourceTree = "<group>"; };
		845F1D4E28A2796F008C254B /* Base */ = {isa = PBXFileReference; lastKnownFileType = file.storyboard; name = Base; path = Base.lproj/Main.storyboard; sourceTree = "<group>"; };
		845F1D5028A27971008C254B /* Assets.xcassets */ = {isa = PBXFileReference; lastKnownFileType = folder.assetcatalog; path = Assets.xcassets; sourceTree = "<group>"; };
		845F1D5328A27971008C254B /* Base */ = {isa = PBXFileReference; lastKnownFileType = file.storyboard; name = Base; path = Base.lproj/LaunchScreen.storyboard; sourceTree = "<group>"; };
		845F1D5528A27971008C254B /* Info.plist */ = {isa = PBXFileReference; lastKnownFileType = text.plist.xml; path = Info.plist; sourceTree = "<group>"; };
		845F1D5B28A27A26008C254B /* GoogleService-Info.plist */ = {isa = PBXFileReference; fileEncoding = 4; lastKnownFileType = text.plist.xml; path = "GoogleService-Info.plist"; sourceTree = "<group>"; };
		845F1D6028A28137008C254B /* KisiHucreTableViewCell.swift */ = {isa = PBXFileReference; lastKnownFileType = sourcecode.swift; path = KisiHucreTableViewCell.swift; sourceTree = "<group>"; };
		845F1D6228A2814A008C254B /* KisiEkleViewController.swift */ = {isa = PBXFileReference; lastKnownFileType = sourcecode.swift; path = KisiEkleViewController.swift; sourceTree = "<group>"; };
		845F1D6428A28152008C254B /* KisiGuncelleViewController.swift */ = {isa = PBXFileReference; lastKnownFileType = sourcecode.swift; path = KisiGuncelleViewController.swift; sourceTree = "<group>"; };
		845F1D6628A2815A008C254B /* KisiDetayViewController.swift */ = {isa = PBXFileReference; lastKnownFileType = sourcecode.swift; path = KisiDetayViewController.swift; sourceTree = "<group>"; };
		845F1D6828A28310008C254B /* Kisiler.swift */ = {isa = PBXFileReference; lastKnownFileType = sourcecode.swift; path = Kisiler.swift; sourceTree = "<group>"; };
/* End PBXFileReference section */

/* Begin PBXFrameworksBuildPhase section */
		845F1D4128A2796F008C254B /* Frameworks */ = {
			isa = PBXFrameworksBuildPhase;
			buildActionMask = 2147483647;
			files = (
				845F1D5F28A27D93008C254B /* FirebaseDatabase in Frameworks */,
			);
			runOnlyForDeploymentPostprocessing = 0;
		};
/* End PBXFrameworksBuildPhase section */

/* Begin PBXGroup section */
		845F1D3B28A2796F008C254B = {
			isa = PBXGroup;
			children = (
				845F1D4628A2796F008C254B /* FirebaseKisilerUygulamasi */,
				845F1D4528A2796F008C254B /* Products */,
			);
			sourceTree = "<group>";
		};
		845F1D4528A2796F008C254B /* Products */ = {
			isa = PBXGroup;
			children = (
				845F1D4428A2796F008C254B /* FirebaseKisilerUygulamasi.app */,
			);
			name = Products;
			sourceTree = "<group>";
		};
		845F1D4628A2796F008C254B /* FirebaseKisilerUygulamasi */ = {
			isa = PBXGroup;
			children = (
				845F1D4728A2796F008C254B /* AppDelegate.swift */,
				845F1D4928A2796F008C254B /* SceneDelegate.swift */,
				845F1D4B28A2796F008C254B /* ViewController.swift */,
				845F1D4D28A2796F008C254B /* Main.storyboard */,
				845F1D6028A28137008C254B /* KisiHucreTableViewCell.swift */,
				845F1D6228A2814A008C254B /* KisiEkleViewController.swift */,
				845F1D6428A28152008C254B /* KisiGuncelleViewController.swift */,
				845F1D6628A2815A008C254B /* KisiDetayViewController.swift */,
				845F1D6828A28310008C254B /* Kisiler.swift */,
				845F1D5028A27971008C254B /* Assets.xcassets */,
				845F1D5228A27971008C254B /* LaunchScreen.storyboard */,
				845F1D5528A27971008C254B /* Info.plist */,
				845F1D5B28A27A26008C254B /* GoogleService-Info.plist */,
			);
			path = FirebaseKisilerUygulamasi;
			sourceTree = "<group>";
		};
/* End PBXGroup section */

/* Begin PBXNativeTarget section */
		845F1D4328A2796F008C254B /* FirebaseKisilerUygulamasi */ = {
			isa = PBXNativeTarget;
			buildConfigurationList = 845F1D5828A27971008C254B /* Build configuration list for PBXNativeTarget "FirebaseKisilerUygulamasi" */;
			buildPhases = (
				845F1D4028A2796F008C254B /* Sources */,
				845F1D4128A2796F008C254B /* Frameworks */,
				845F1D4228A2796F008C254B /* Resources */,
			);
			buildRules = (
			);
			dependencies = (
			);
			name = FirebaseKisilerUygulamasi;
			packageProductDependencies = (
				845F1D5E28A27D93008C254B /* FirebaseDatabase */,
			);
			productName = FirebaseKisilerUygulamasi;
			productReference = 845F1D4428A2796F008C254B /* FirebaseKisilerUygulamasi.app */;
			productType = "com.apple.product-type.application";
		};
/* End PBXNativeTarget section */

/* Begin PBXProject section */
		845F1D3C28A2796F008C254B /* Project object */ = {
			isa = PBXProject;
			attributes = {
				BuildIndependentTargetsInParallel = 1;
				LastSwiftUpdateCheck = 1340;
				LastUpgradeCheck = 1340;
				TargetAttributes = {
					845F1D4328A2796F008C254B = {
						CreatedOnToolsVersion = 13.4.1;
					};
				};
			};
			buildConfigurationList = 845F1D3F28A2796F008C254B /* Build configuration list for PBXProject "FirebaseKisilerUygulamasi" */;
			compatibilityVersion = "Xcode 13.0";
			developmentRegion = en;
			hasScannedForEncodings = 0;
			knownRegions = (
				en,
				Base,
			);
			mainGroup = 845F1D3B28A2796F008C254B;
			packageReferences = (
				845F1D5D28A27D93008C254B /* XCRemoteSwiftPackageReference "firebase-ios-sdk" */,
			);
			productRefGroup = 845F1D4528A2796F008C254B /* Products */;
			projectDirPath = "";
			projectRoot = "";
			targets = (
				845F1D4328A2796F008C254B /* FirebaseKisilerUygulamasi */,
			);
		};
/* End PBXProject section */

/* Begin PBXResourcesBuildPhase section */
		845F1D4228A2796F008C254B /* Resources */ = {
			isa = PBXResourcesBuildPhase;
			buildActionMask = 2147483647;
			files = (
				845F1D5428A27971008C254B /* LaunchScreen.storyboard in Resources */,
				845F1D5C28A27A26008C254B /* GoogleService-Info.plist in Resources */,
				845F1D5128A27971008C254B /* Assets.xcassets in Resources */,
				845F1D4F28A2796F008C254B /* Main.storyboard in Resources */,
			);
			runOnlyForDeploymentPostprocessing = 0;
		};
/* End PBXResourcesBuildPhase section */

/* Begin PBXSourcesBuildPhase section */
		845F1D4028A2796F008C254B /* Sources */ = {
			isa = PBXSourcesBuildPhase;
			buildActionMask = 2147483647;
			files = (
				845F1D4C28A2796F008C254B /* ViewController.swift in Sources */,
				845F1D6128A28137008C254B /* KisiHucreTableViewCell.swift in Sources */,
				845F1D4828A2796F008C254B /* AppDelegate.swift in Sources */,
				845F1D6928A28310008C254B /* Kisiler.swift in Sources */,
				845F1D6728A2815A008C254B /* KisiDetayViewController.swift in Sources */,
				845F1D4A28A2796F008C254B /* SceneDelegate.swift in Sources */,
				845F1D6528A28152008C254B /* KisiGuncelleViewController.swift in Sources */,
				845F1D6328A2814A008C254B /* KisiEkleViewController.swift in Sources */,
			);
			runOnlyForDeploymentPostprocessing = 0;
		};
/* End PBXSourcesBuildPhase section */

/* Begin PBXVariantGroup section */
		845F1D4D28A2796F008C254B /* Main.storyboard */ = {
			isa = PBXVariantGroup;
			children = (
				845F1D4E28A2796F008C254B /* Base */,
			);
			name = Main.storyboard;
			sourceTree = "<group>";
		};
		845F1D5228A27971008C254B /* LaunchScreen.storyboard */ = {
			isa = PBXVariantGroup;
			children = (
				845F1D5328A27971008C254B /* Base */,
			);
			name = LaunchScreen.storyboard;
			sourceTree = "<group>";
		};
/* End PBXVariantGroup section */

/* Begin XCBuildConfiguration section */
		845F1D5628A27971008C254B /* Debug */ = {
			isa = XCBuildConfiguration;
			buildSettings = {
				ALWAYS_SEARCH_USER_PATHS = NO;
				CLANG_ANALYZER_NONNULL = YES;
				CLANG_ANALYZER_NUMBER_OBJECT_CONVERSION = YES_AGGRESSIVE;
				CLANG_CXX_LANGUAGE_STANDARD = "gnu++17";
				CLANG_ENABLE_MODULES = YES;
				CLANG_ENABLE_OBJC_ARC = YES;
				CLANG_ENABLE_OBJC_WEAK = YES;
				CLANG_WARN_BLOCK_CAPTURE_AUTORELEASING = YES;
				CLANG_WARN_BOOL_CONVERSION = YES;
				CLANG_WARN_COMMA = YES;
				CLANG_WARN_CONSTANT_CONVERSION = YES;
				CLANG_WARN_DEPRECATED_OBJC_IMPLEMENTATIONS = YES;
				CLANG_WARN_DIRECT_OBJC_ISA_USAGE = YES_ERROR;
				CLANG_WARN_DOCUMENTATION_COMMENTS = YES;
				CLANG_WARN_EMPTY_BODY = YES;
				CLANG_WARN_ENUM_CONVERSION = YES;
				CLANG_WARN_INFINITE_RECURSION = YES;
				CLANG_WARN_INT_CONVERSION = YES;
				CLANG_WARN_NON_LITERAL_NULL_CONVERSION = YES;
				CLANG_WARN_OBJC_IMPLICIT_RETAIN_SELF = YES;
				CLANG_WARN_OBJC_LITERAL_CONVERSION = YES;
				CLANG_WARN_OBJC_ROOT_CLASS = YES_ERROR;
				CLANG_WARN_QUOTED_INCLUDE_IN_FRAMEWORK_HEADER = YES;
				CLANG_WARN_RANGE_LOOP_ANALYSIS = YES;
				CLANG_WARN_STRICT_PROTOTYPES = YES;
				CLANG_WARN_SUSPICIOUS_MOVE = YES;
				CLANG_WARN_UNGUARDED_AVAILABILITY = YES_AGGRESSIVE;
				CLANG_WARN_UNREACHABLE_CODE = YES;
				CLANG_WARN__DUPLICATE_METHOD_MATCH = YES;
				COPY_PHASE_STRIP = NO;
				DEBUG_INFORMATION_FORMAT = dwarf;
				ENABLE_STRICT_OBJC_MSGSEND = YES;
				ENABLE_TESTABILITY = YES;
				GCC_C_LANGUAGE_STANDARD = gnu11;
				GCC_DYNAMIC_NO_PIC = NO;
				GCC_NO_COMMON_BLOCKS = YES;
				GCC_OPTIMIZATION_LEVEL = 0;
				GCC_PREPROCESSOR_DEFINITIONS = (
					"DEBUG=1",
					"$(inherited)",
				);
				GCC_WARN_64_TO_32_BIT_CONVERSION = YES;
				GCC_WARN_ABOUT_RETURN_TYPE = YES_ERROR;
				GCC_WARN_UNDECLARED_SELECTOR = YES;
				GCC_WARN_UNINITIALIZED_AUTOS = YES_AGGRESSIVE;
				GCC_WARN_UNUSED_FUNCTION = YES;
				GCC_WARN_UNUSED_VARIABLE = YES;
				IPHONEOS_DEPLOYMENT_TARGET = 15.5;
				MTL_ENABLE_DEBUG_INFO = INCLUDE_SOURCE;
				MTL_FAST_MATH = YES;
				ONLY_ACTIVE_ARCH = YES;
				SDKROOT = iphoneos;
				SWIFT_ACTIVE_COMPILATION_CONDITIONS = DEBUG;
				SWIFT_OPTIMIZATION_LEVEL = "-Onone";
			};
			name = Debug;
		};
		845F1D5728A27971008C254B /* Release */ = {
			isa = XCBuildConfiguration;
			buildSettings = {
				ALWAYS_SEARCH_USER_PATHS = NO;
				CLANG_ANALYZER_NONNULL = YES;
				CLANG_ANALYZER_NUMBER_OBJECT_CONVERSION = YES_AGGRESSIVE;
				CLANG_CXX_LANGUAGE_STANDARD = "gnu++17";
				CLANG_ENABLE_MODULES = YES;
				CLANG_ENABLE_OBJC_ARC = YES;
				CLANG_ENABLE_OBJC_WEAK = YES;
				CLANG_WARN_BLOCK_CAPTURE_AUTORELEASING = YES;
				CLANG_WARN_BOOL_CONVERSION = YES;
				CLANG_WARN_COMMA = YES;
				CLANG_WARN_CONSTANT_CONVERSION = YES;
				CLANG_WARN_DEPRECATED_OBJC_IMPLEMENTATIONS = YES;
				CLANG_WARN_DIRECT_OBJC_ISA_USAGE = YES_ERROR;
				CLANG_WARN_DOCUMENTATION_COMMENTS = YES;
				CLANG_WARN_EMPTY_BODY = YES;
				CLANG_WARN_ENUM_CONVERSION = YES;
				CLANG_WARN_INFINITE_RECURSION = YES;
				CLANG_WARN_INT_CONVERSION = YES;
				CLANG_WARN_NON_LITERAL_NULL_CONVERSION = YES;
				CLANG_WARN_OBJC_IMPLICIT_RETAIN_SELF = YES;
				CLANG_WARN_OBJC_LITERAL_CONVERSION = YES;
				CLANG_WARN_OBJC_ROOT_CLASS = YES_ERROR;
				CLANG_WARN_QUOTED_INCLUDE_IN_FRAMEWORK_HEADER = YES;
				CLANG_WARN_RANGE_LOOP_ANALYSIS = YES;
				CLANG_WARN_STRICT_PROTOTYPES = YES;
				CLANG_WARN_SUSPICIOUS_MOVE = YES;
				CLANG_WARN_UNGUARDED_AVAILABILITY = YES_AGGRESSIVE;
				CLANG_WARN_UNREACHABLE_CODE = YES;
				CLANG_WARN__DUPLICATE_METHOD_MATCH = YES;
				COPY_PHASE_STRIP = NO;
				DEBUG_INFORMATION_FORMAT = "dwarf-with-dsym";
				ENABLE_NS_ASSERTIONS = NO;
				ENABLE_STRICT_OBJC_MSGSEND = YES;
				GCC_C_LANGUAGE_STANDARD = gnu11;
				GCC_NO_COMMON_BLOCKS = YES;
				GCC_WARN_64_TO_32_BIT_CONVERSION = YES;
				GCC_WARN_ABOUT_RETURN_TYPE = YES_ERROR;
				GCC_WARN_UNDECLARED_SELECTOR = YES;
				GCC_WARN_UNINITIALIZED_AUTOS = YES_AGGRESSIVE;
				GCC_WARN_UNUSED_FUNCTION = YES;
				GCC_WARN_UNUSED_VARIABLE = YES;
				IPHONEOS_DEPLOYMENT_TARGET = 15.5;
				MTL_ENABLE_DEBUG_INFO = NO;
				MTL_FAST_MATH = YES;
				SDKROOT = iphoneos;
				SWIFT_COMPILATION_MODE = wholemodule;
				SWIFT_OPTIMIZATION_LEVEL = "-O";
				VALIDATE_PRODUCT = YES;
			};
			name = Release;
		};
		845F1D5928A27971008C254B /* Debug */ = {
			isa = XCBuildConfiguration;
			buildSettings = {
				ASSETCATALOG_COMPILER_APPICON_NAME = AppIcon;
				ASSETCATALOG_COMPILER_GLOBAL_ACCENT_COLOR_NAME = AccentColor;
				CODE_SIGN_STYLE = Automatic;
				CURRENT_PROJECT_VERSION = 1;
				DEVELOPMENT_TEAM = Q6XS9G2H7P;
				GENERATE_INFOPLIST_FILE = YES;
				INFOPLIST_FILE = FirebaseKisilerUygulamasi/Info.plist;
				INFOPLIST_KEY_UIApplicationSupportsIndirectInputEvents = YES;
				INFOPLIST_KEY_UILaunchStoryboardName = LaunchScreen;
				INFOPLIST_KEY_UIMainStoryboardFile = Main;
				INFOPLIST_KEY_UISupportedInterfaceOrientations_iPad = "UIInterfaceOrientationPortrait UIInterfaceOrientationPortraitUpsideDown UIInterfaceOrientationLandscapeLeft UIInterfaceOrientationLandscapeRight";
				INFOPLIST_KEY_UISupportedInterfaceOrientations_iPhone = "UIInterfaceOrientationPortrait UIInterfaceOrientationLandscapeLeft UIInterfaceOrientationLandscapeRight";
				LD_RUNPATH_SEARCH_PATHS = (
					"$(inherited)",
					"@executable_path/Frameworks",
				);
				MARKETING_VERSION = 1.0;
				PRODUCT_BUNDLE_IDENTIFIER = yasinozmeen.FirebaseKisilerUygulamasi;
				PRODUCT_NAME = "$(TARGET_NAME)";
				SWIFT_EMIT_LOC_STRINGS = YES;
				SWIFT_VERSION = 5.0;
				TARGETED_DEVICE_FAMILY = "1,2";
			};
			name = Debug;
		};
		845F1D5A28A27971008C254B /* Release */ = {
			isa = XCBuildConfiguration;
			buildSettings = {
				ASSETCATALOG_COMPILER_APPICON_NAME = AppIcon;
				ASSETCATALOG_COMPILER_GLOBAL_ACCENT_COLOR_NAME = AccentColor;
				CODE_SIGN_STYLE = Automatic;
				CURRENT_PROJECT_VERSION = 1;
				DEVELOPMENT_TEAM = Q6XS9G2H7P;
				GENERATE_INFOPLIST_FILE = YES;
				INFOPLIST_FILE = FirebaseKisilerUygulamasi/Info.plist;
				INFOPLIST_KEY_UIApplicationSupportsIndirectInputEvents = YES;
				INFOPLIST_KEY_UILaunchStoryboardName = LaunchScreen;
				INFOPLIST_KEY_UIMainStoryboardFile = Main;
				INFOPLIST_KEY_UISupportedInterfaceOrientations_iPad = "UIInterfaceOrientationPortrait UIInterfaceOrientationPortraitUpsideDown UIInterfaceOrientationLandscapeLeft UIInterfaceOrientationLandscapeRight";
				INFOPLIST_KEY_UISupportedInterfaceOrientations_iPhone = "UIInterfaceOrientationPortrait UIInterfaceOrientationLandscapeLeft UIInterfaceOrientationLandscapeRight";
				LD_RUNPATH_SEARCH_PATHS = (
					"$(inherited)",
					"@executable_path/Frameworks",
				);
				MARKETING_VERSION = 1.0;
				PRODUCT_BUNDLE_IDENTIFIER = yasinozmeen.FirebaseKisilerUygulamasi;
				PRODUCT_NAME = "$(TARGET_NAME)";
				SWIFT_EMIT_LOC_STRINGS = YES;
				SWIFT_VERSION = 5.0;
				TARGETED_DEVICE_FAMILY = "1,2";
			};
			name = Release;
		};
/* End XCBuildConfiguration section */

/* Begin XCConfigurationList section */
		845F1D3F28A2796F008C254B /* Build configuration list for PBXProject "FirebaseKisilerUygulamasi" */ = {
			isa = XCConfigurationList;
			buildConfigurations = (
				845F1D5628A27971008C254B /* Debug */,
				845F1D5728A27971008C254B /* Release */,
			);
			defaultConfigurationIsVisible = 0;
			defaultConfigurationName = Release;
		};
		845F1D5828A27971008C254B /* Build configuration list for PBXNativeTarget "FirebaseKisilerUygulamasi" */ = {
			isa = XCConfigurationList;
			buildConfigurations = (
				845F1D5928A27971008C254B /* Debug */,
				845F1D5A28A27971008C254B /* Release */,
			);
			defaultConfigurationIsVisible = 0;
			defaultConfigurationName = Release;
		};
/* End XCConfigurationList section */

/* Begin XCRemoteSwiftPackageReference section */
		845F1D5D28A27D93008C254B /* XCRemoteSwiftPackageReference "firebase-ios-sdk" */ = {
			isa = XCRemoteSwiftPackageReference;
			repositoryURL = "https://github.com/firebase/firebase-ios-sdk";
			requirement = {
				kind = upToNextMajorVersion;
				minimumVersion = 9.0.0;
			};
		};
/* End XCRemoteSwiftPackageReference section */

/* Begin XCSwiftPackageProductDependency section */
		845F1D5E28A27D93008C254B /* FirebaseDatabase */ = {
			isa = XCSwiftPackageProductDependency;
			package = 845F1D5D28A27D93008C254B /* XCRemoteSwiftPackageReference "firebase-ios-sdk" */;
			productName = FirebaseDatabase;
		};
/* End XCSwiftPackageProductDependency section */
	};
	rootObject = 845F1D3C28A2796F008C254B /* Project object */;
}
