// !$*UTF8*$!
{
	archiveVersion = 1;
	classes = {
	};
	objectVersion = 55;
	objects = {

/* Begin PBXBuildFile section */
		84E2EE8C289825E600EC6C55 /* AppDelegate.swift in Sources */ = {isa = PBXBuildFile; fileRef = 84E2EE8B289825E600EC6C55 /* AppDelegate.swift */; };
		84E2EE8E289825E600EC6C55 /* SceneDelegate.swift in Sources */ = {isa = PBXBuildFile; fileRef = 84E2EE8D289825E600EC6C55 /* SceneDelegate.swift */; };
		84E2EE90289825E600EC6C55 /* ViewController.swift in Sources */ = {isa = PBXBuildFile; fileRef = 84E2EE8F289825E600EC6C55 /* ViewController.swift */; };
		84E2EE93289825E600EC6C55 /* Main.storyboard in Resources */ = {isa = PBXBuildFile; fileRef = 84E2EE91289825E600EC6C55 /* Main.storyboard */; };
		84E2EE95289825E900EC6C55 /* Assets.xcassets in Resources */ = {isa = PBXBuildFile; fileRef = 84E2EE94289825E900EC6C55 /* Assets.xcassets */; };
		84E2EE98289825E900EC6C55 /* LaunchScreen.storyboard in Resources */ = {isa = PBXBuildFile; fileRef = 84E2EE96289825E900EC6C55 /* LaunchScreen.storyboard */; };
		84E2EEAD2898260E00EC6C55 /* FMDatabaseQueue.m in Sources */ = {isa = PBXBuildFile; fileRef = 84E2EEA22898260D00EC6C55 /* FMDatabaseQueue.m */; };
		84E2EEAE2898260E00EC6C55 /* FMResultSet.m in Sources */ = {isa = PBXBuildFile; fileRef = 84E2EEA42898260D00EC6C55 /* FMResultSet.m */; };
		84E2EEAF2898260E00EC6C55 /* FMDatabase.m in Sources */ = {isa = PBXBuildFile; fileRef = 84E2EEA52898260D00EC6C55 /* FMDatabase.m */; };
		84E2EEB02898260E00EC6C55 /* FMDatabaseAdditions.m in Sources */ = {isa = PBXBuildFile; fileRef = 84E2EEAA2898260E00EC6C55 /* FMDatabaseAdditions.m */; };
		84E2EEB12898260E00EC6C55 /* FMDatabasePool.m in Sources */ = {isa = PBXBuildFile; fileRef = 84E2EEAC2898260E00EC6C55 /* FMDatabasePool.m */; };
		84E2EEB32898261F00EC6C55 /* kisiler.sqlite in Resources */ = {isa = PBXBuildFile; fileRef = 84E2EEB22898261F00EC6C55 /* kisiler.sqlite */; };
		84E2EEB52898282A00EC6C55 /* detayViewController.swift in Sources */ = {isa = PBXBuildFile; fileRef = 84E2EEB42898282A00EC6C55 /* detayViewController.swift */; };
		84E2EEB72898283200EC6C55 /* guncelleViewController.swift in Sources */ = {isa = PBXBuildFile; fileRef = 84E2EEB62898283200EC6C55 /* guncelleViewController.swift */; };
		84E2EEB92898283800EC6C55 /* ekleViewController.swift in Sources */ = {isa = PBXBuildFile; fileRef = 84E2EEB82898283800EC6C55 /* ekleViewController.swift */; };
		84E2EEBB2898285500EC6C55 /* Kisiler.swift in Sources */ = {isa = PBXBuildFile; fileRef = 84E2EEBA2898285500EC6C55 /* Kisiler.swift */; };
		84E2EEBD2898285A00EC6C55 /* KisilerDao.swift in Sources */ = {isa = PBXBuildFile; fileRef = 84E2EEBC2898285A00EC6C55 /* KisilerDao.swift */; };
/* End PBXBuildFile section */

/* Begin PBXFileReference section */
		84E2EE88289825E600EC6C55 /* KisilerUygulamasi.app */ = {isa = PBXFileReference; explicitFileType = wrapper.application; includeInIndex = 0; path = KisilerUygulamasi.app; sourceTree = BUILT_PRODUCTS_DIR; };
		84E2EE8B289825E600EC6C55 /* AppDelegate.swift */ = {isa = PBXFileReference; lastKnownFileType = sourcecode.swift; path = AppDelegate.swift; sourceTree = "<group>"; };
		84E2EE8D289825E600EC6C55 /* SceneDelegate.swift */ = {isa = PBXFileReference; lastKnownFileType = sourcecode.swift; path = SceneDelegate.swift; sourceTree = "<group>"; };
		84E2EE8F289825E600EC6C55 /* ViewController.swift */ = {isa = PBXFileReference; lastKnownFileType = sourcecode.swift; path = ViewController.swift; sourceTree = "<group>"; };
		84E2EE92289825E600EC6C55 /* Base */ = {isa = PBXFileReference; lastKnownFileType = file.storyboard; name = Base; path = Base.lproj/Main.storyboard; sourceTree = "<group>"; };
		84E2EE94289825E900EC6C55 /* Assets.xcassets */ = {isa = PBXFileReference; lastKnownFileType = folder.assetcatalog; path = Assets.xcassets; sourceTree = "<group>"; };
		84E2EE97289825E900EC6C55 /* Base */ = {isa = PBXFileReference; lastKnownFileType = file.storyboard; name = Base; path = Base.lproj/LaunchScreen.storyboard; sourceTree = "<group>"; };
		84E2EE99289825E900EC6C55 /* Info.plist */ = {isa = PBXFileReference; lastKnownFileType = text.plist.xml; path = Info.plist; sourceTree = "<group>"; };
		84E2EEA0289825F400EC6C55 /* libsqlite3.tbd */ = {isa = PBXFileReference; lastKnownFileType = "sourcecode.text-based-dylib-definition"; name = libsqlite3.tbd; path = usr/lib/libsqlite3.tbd; sourceTree = SDKROOT; };
		84E2EEA12898260D00EC6C55 /* KisilerUygulamasi-Bridging-Header.h */ = {isa = PBXFileReference; lastKnownFileType = sourcecode.c.h; path = "KisilerUygulamasi-Bridging-Header.h"; sourceTree = "<group>"; };
		84E2EEA22898260D00EC6C55 /* FMDatabaseQueue.m */ = {isa = PBXFileReference; fileEncoding = 4; lastKnownFileType = sourcecode.c.objc; path = FMDatabaseQueue.m; sourceTree = "<group>"; };
		84E2EEA32898260D00EC6C55 /* FMResultSet.h */ = {isa = PBXFileReference; fileEncoding = 4; lastKnownFileType = sourcecode.c.h; path = FMResultSet.h; sourceTree = "<group>"; };
		84E2EEA42898260D00EC6C55 /* FMResultSet.m */ = {isa = PBXFileReference; fileEncoding = 4; lastKnownFileType = sourcecode.c.objc; path = FMResultSet.m; sourceTree = "<group>"; };
		84E2EEA52898260D00EC6C55 /* FMDatabase.m */ = {isa = PBXFileReference; fileEncoding = 4; lastKnownFileType = sourcecode.c.objc; path = FMDatabase.m; sourceTree = "<group>"; };
		84E2EEA62898260D00EC6C55 /* FMDB.h */ = {isa = PBXFileReference; fileEncoding = 4; lastKnownFileType = sourcecode.c.h; path = FMDB.h; sourceTree = "<group>"; };
		84E2EEA72898260D00EC6C55 /* FMDatabaseQueue.h */ = {isa = PBXFileReference; fileEncoding = 4; lastKnownFileType = sourcecode.c.h; path = FMDatabaseQueue.h; sourceTree = "<group>"; };
		84E2EEA82898260D00EC6C55 /* FMDatabaseAdditions.h */ = {isa = PBXFileReference; fileEncoding = 4; lastKnownFileType = sourcecode.c.h; path = FMDatabaseAdditions.h; sourceTree = "<group>"; };
		84E2EEA92898260E00EC6C55 /* FMDatabase.h */ = {isa = PBXFileReference; fileEncoding = 4; lastKnownFileType = sourcecode.c.h; path = FMDatabase.h; sourceTree = "<group>"; };
		84E2EEAA2898260E00EC6C55 /* FMDatabaseAdditions.m */ = {isa = PBXFileReference; fileEncoding = 4; lastKnownFileType = sourcecode.c.objc; path = FMDatabaseAdditions.m; sourceTree = "<group>"; };
		84E2EEAB2898260E00EC6C55 /* FMDatabasePool.h */ = {isa = PBXFileReference; fileEncoding = 4; lastKnownFileType = sourcecode.c.h; path = FMDatabasePool.h; sourceTree = "<group>"; };
		84E2EEAC2898260E00EC6C55 /* FMDatabasePool.m */ = {isa = PBXFileReference; fileEncoding = 4; lastKnownFileType = sourcecode.c.objc; path = FMDatabasePool.m; sourceTree = "<group>"; };
		84E2EEB22898261F00EC6C55 /* kisiler.sqlite */ = {isa = PBXFileReference; lastKnownFileType = file; path = kisiler.sqlite; sourceTree = "<group>"; };
		84E2EEB42898282A00EC6C55 /* detayViewController.swift */ = {isa = PBXFileReference; lastKnownFileType = sourcecode.swift; path = detayViewController.swift; sourceTree = "<group>"; };
		84E2EEB62898283200EC6C55 /* guncelleViewController.swift */ = {isa = PBXFileReference; lastKnownFileType = sourcecode.swift; path = guncelleViewController.swift; sourceTree = "<group>"; };
		84E2EEB82898283800EC6C55 /* ekleViewController.swift */ = {isa = PBXFileReference; lastKnownFileType = sourcecode.swift; path = ekleViewController.swift; sourceTree = "<group>"; };
		84E2EEBA2898285500EC6C55 /* Kisiler.swift */ = {isa = PBXFileReference; lastKnownFileType = sourcecode.swift; path = Kisiler.swift; sourceTree = "<group>"; };
		84E2EEBC2898285A00EC6C55 /* KisilerDao.swift */ = {isa = PBXFileReference; lastKnownFileType = sourcecode.swift; path = KisilerDao.swift; sourceTree = "<group>"; };
/* End PBXFileReference section */

/* Begin PBXFrameworksBuildPhase section */
		84E2EE85289825E600EC6C55 /* Frameworks */ = {
			isa = PBXFrameworksBuildPhase;
			buildActionMask = 2147483647;
			files = (
			);
			runOnlyForDeploymentPostprocessing = 0;
		};
/* End PBXFrameworksBuildPhase section */

/* Begin PBXGroup section */
		84E2EE7F289825E600EC6C55 = {
			isa = PBXGroup;
			children = (
				84E2EE8A289825E600EC6C55 /* KisilerUygulamasi */,
				84E2EE89289825E600EC6C55 /* Products */,
				84E2EE9F289825F400EC6C55 /* Frameworks */,
			);
			sourceTree = "<group>";
		};
		84E2EE89289825E600EC6C55 /* Products */ = {
			isa = PBXGroup;
			children = (
				84E2EE88289825E600EC6C55 /* KisilerUygulamasi.app */,
			);
			name = Products;
			sourceTree = "<group>";
		};
		84E2EE8A289825E600EC6C55 /* KisilerUygulamasi */ = {
			isa = PBXGroup;
			children = (
				84E2EE8B289825E600EC6C55 /* AppDelegate.swift */,
				84E2EE8D289825E600EC6C55 /* SceneDelegate.swift */,
				84E2EE91289825E600EC6C55 /* Main.storyboard */,
				84E2EE8F289825E600EC6C55 /* ViewController.swift */,
				84E2EEB42898282A00EC6C55 /* detayViewController.swift */,
				84E2EEB62898283200EC6C55 /* guncelleViewController.swift */,
				84E2EEB82898283800EC6C55 /* ekleViewController.swift */,
				84E2EEB22898261F00EC6C55 /* kisiler.sqlite */,
				84E2EEBA2898285500EC6C55 /* Kisiler.swift */,
				84E2EEBC2898285A00EC6C55 /* KisilerDao.swift */,
				84E2EE94289825E900EC6C55 /* Assets.xcassets */,
				84E2EE96289825E900EC6C55 /* LaunchScreen.storyboard */,
				84E2EE99289825E900EC6C55 /* Info.plist */,
				84E2EEA92898260E00EC6C55 /* FMDatabase.h */,
				84E2EEA52898260D00EC6C55 /* FMDatabase.m */,
				84E2EEA82898260D00EC6C55 /* FMDatabaseAdditions.h */,
				84E2EEAA2898260E00EC6C55 /* FMDatabaseAdditions.m */,
				84E2EEAB2898260E00EC6C55 /* FMDatabasePool.h */,
				84E2EEAC2898260E00EC6C55 /* FMDatabasePool.m */,
				84E2EEA72898260D00EC6C55 /* FMDatabaseQueue.h */,
				84E2EEA22898260D00EC6C55 /* FMDatabaseQueue.m */,
				84E2EEA62898260D00EC6C55 /* FMDB.h */,
				84E2EEA32898260D00EC6C55 /* FMResultSet.h */,
				84E2EEA42898260D00EC6C55 /* FMResultSet.m */,
				84E2EEA12898260D00EC6C55 /* KisilerUygulamasi-Bridging-Header.h */,
			);
			path = KisilerUygulamasi;
			sourceTree = "<group>";
		};
		84E2EE9F289825F400EC6C55 /* Frameworks */ = {
			isa = PBXGroup;
			children = (
				84E2EEA0289825F400EC6C55 /* libsqlite3.tbd */,
			);
			name = Frameworks;
			sourceTree = "<group>";
		};
/* End PBXGroup section */

/* Begin PBXNativeTarget section */
		84E2EE87289825E600EC6C55 /* KisilerUygulamasi */ = {
			isa = PBXNativeTarget;
			buildConfigurationList = 84E2EE9C289825E900EC6C55 /* Build configuration list for PBXNativeTarget "KisilerUygulamasi" */;
			buildPhases = (
				84E2EE84289825E600EC6C55 /* Sources */,
				84E2EE85289825E600EC6C55 /* Frameworks */,
				84E2EE86289825E600EC6C55 /* Resources */,
			);
			buildRules = (
			);
			dependencies = (
			);
			name = KisilerUygulamasi;
			productName = KisilerUygulamasi;
			productReference = 84E2EE88289825E600EC6C55 /* KisilerUygulamasi.app */;
			productType = "com.apple.product-type.application";
		};
/* End PBXNativeTarget section */

/* Begin PBXProject section */
		84E2EE80289825E600EC6C55 /* Project object */ = {
			isa = PBXProject;
			attributes = {
				BuildIndependentTargetsInParallel = 1;
				LastSwiftUpdateCheck = 1340;
				LastUpgradeCheck = 1340;
				TargetAttributes = {
					84E2EE87289825E600EC6C55 = {
						CreatedOnToolsVersion = 13.4.1;
						LastSwiftMigration = 1340;
					};
				};
			};
			buildConfigurationList = 84E2EE83289825E600EC6C55 /* Build configuration list for PBXProject "KisilerUygulamasi" */;
			compatibilityVersion = "Xcode 13.0";
			developmentRegion = en;
			hasScannedForEncodings = 0;
			knownRegions = (
				en,
				Base,
			);
			mainGroup = 84E2EE7F289825E600EC6C55;
			productRefGroup = 84E2EE89289825E600EC6C55 /* Products */;
			projectDirPath = "";
			projectRoot = "";
			targets = (
				84E2EE87289825E600EC6C55 /* KisilerUygulamasi */,
			);
		};
/* End PBXProject section */

/* Begin PBXResourcesBuildPhase section */
		84E2EE86289825E600EC6C55 /* Resources */ = {
			isa = PBXResourcesBuildPhase;
			buildActionMask = 2147483647;
			files = (
				84E2EE98289825E900EC6C55 /* LaunchScreen.storyboard in Resources */,
				84E2EEB32898261F00EC6C55 /* kisiler.sqlite in Resources */,
				84E2EE95289825E900EC6C55 /* Assets.xcassets in Resources */,
				84E2EE93289825E600EC6C55 /* Main.storyboard in Resources */,
			);
			runOnlyForDeploymentPostprocessing = 0;
		};
/* End PBXResourcesBuildPhase section */

/* Begin PBXSourcesBuildPhase section */
		84E2EE84289825E600EC6C55 /* Sources */ = {
			isa = PBXSourcesBuildPhase;
			buildActionMask = 2147483647;
			files = (
				84E2EE90289825E600EC6C55 /* ViewController.swift in Sources */,
				84E2EEAD2898260E00EC6C55 /* FMDatabaseQueue.m in Sources */,
				84E2EEBD2898285A00EC6C55 /* KisilerDao.swift in Sources */,
				84E2EE8C289825E600EC6C55 /* AppDelegate.swift in Sources */,
				84E2EEB72898283200EC6C55 /* guncelleViewController.swift in Sources */,
				84E2EEAF2898260E00EC6C55 /* FMDatabase.m in Sources */,
				84E2EE8E289825E600EC6C55 /* SceneDelegate.swift in Sources */,
				84E2EEB12898260E00EC6C55 /* FMDatabasePool.m in Sources */,
				84E2EEB92898283800EC6C55 /* ekleViewController.swift in Sources */,
				84E2EEB52898282A00EC6C55 /* detayViewController.swift in Sources */,
				84E2EEB02898260E00EC6C55 /* FMDatabaseAdditions.m in Sources */,
				84E2EEAE2898260E00EC6C55 /* FMResultSet.m in Sources */,
				84E2EEBB2898285500EC6C55 /* Kisiler.swift in Sources */,
			);
			runOnlyForDeploymentPostprocessing = 0;
		};
/* End PBXSourcesBuildPhase section */

/* Begin PBXVariantGroup section */
		84E2EE91289825E600EC6C55 /* Main.storyboard */ = {
			isa = PBXVariantGroup;
			children = (
				84E2EE92289825E600EC6C55 /* Base */,
			);
			name = Main.storyboard;
			sourceTree = "<group>";
		};
		84E2EE96289825E900EC6C55 /* LaunchScreen.storyboard */ = {
			isa = PBXVariantGroup;
			children = (
				84E2EE97289825E900EC6C55 /* Base */,
			);
			name = LaunchScreen.storyboard;
			sourceTree = "<group>";
		};
/* End PBXVariantGroup section */

/* Begin XCBuildConfiguration section */
		84E2EE9A289825E900EC6C55 /* Debug */ = {
			isa = XCBuildConfiguration;
			buildSettings = {
				ALWAYS_SEARCH_USER_PATHS = NO;
				CLANG_ANALYZER_NONNULL = YES;
				CLANG_ANALYZER_NUMBER_OBJECT_CONVERSION = YES_AGGRESSIVE;
				CLANG_CXX_LANGUAGE_STANDARD = "gnu++17";
				CLANG_ENABLE_MODULES = YES;
				CLANG_ENABLE_OBJC_ARC = YES;
				CLANG_ENABLE_OBJC_WEAK = YES;
				CLANG_WARN_BLOCK_CAPTURE_AUTORELEASING = YES;
				CLANG_WARN_BOOL_CONVERSION = YES;
				CLANG_WARN_COMMA = YES;
				CLANG_WARN_CONSTANT_CONVERSION = YES;
				CLANG_WARN_DEPRECATED_OBJC_IMPLEMENTATIONS = YES;
				CLANG_WARN_DIRECT_OBJC_ISA_USAGE = YES_ERROR;
				CLANG_WARN_DOCUMENTATION_COMMENTS = YES;
				CLANG_WARN_EMPTY_BODY = YES;
				CLANG_WARN_ENUM_CONVERSION = YES;
				CLANG_WARN_INFINITE_RECURSION = YES;
				CLANG_WARN_INT_CONVERSION = YES;
				CLANG_WARN_NON_LITERAL_NULL_CONVERSION = YES;
				CLANG_WARN_OBJC_IMPLICIT_RETAIN_SELF = YES;
				CLANG_WARN_OBJC_LITERAL_CONVERSION = YES;
				CLANG_WARN_OBJC_ROOT_CLASS = YES_ERROR;
				CLANG_WARN_QUOTED_INCLUDE_IN_FRAMEWORK_HEADER = YES;
				CLANG_WARN_RANGE_LOOP_ANALYSIS = YES;
				CLANG_WARN_STRICT_PROTOTYPES = YES;
				CLANG_WARN_SUSPICIOUS_MOVE = YES;
				CLANG_WARN_UNGUARDED_AVAILABILITY = YES_AGGRESSIVE;
				CLANG_WARN_UNREACHABLE_CODE = YES;
				CLANG_WARN__DUPLICATE_METHOD_MATCH = YES;
				COPY_PHASE_STRIP = NO;
				DEBUG_INFORMATION_FORMAT = dwarf;
				ENABLE_STRICT_OBJC_MSGSEND = YES;
				ENABLE_TESTABILITY = YES;
				GCC_C_LANGUAGE_STANDARD = gnu11;
				GCC_DYNAMIC_NO_PIC = NO;
				GCC_NO_COMMON_BLOCKS = YES;
				GCC_OPTIMIZATION_LEVEL = 0;
				GCC_PREPROCESSOR_DEFINITIONS = (
					"DEBUG=1",
					"$(inherited)",
				);
				GCC_WARN_64_TO_32_BIT_CONVERSION = YES;
				GCC_WARN_ABOUT_RETURN_TYPE = YES_ERROR;
				GCC_WARN_UNDECLARED_SELECTOR = YES;
				GCC_WARN_UNINITIALIZED_AUTOS = YES_AGGRESSIVE;
				GCC_WARN_UNUSED_FUNCTION = YES;
				GCC_WARN_UNUSED_VARIABLE = YES;
				IPHONEOS_DEPLOYMENT_TARGET = 15.5;
				MTL_ENABLE_DEBUG_INFO = INCLUDE_SOURCE;
				MTL_FAST_MATH = YES;
				ONLY_ACTIVE_ARCH = YES;
				SDKROOT = iphoneos;
				SWIFT_ACTIVE_COMPILATION_CONDITIONS = DEBUG;
				SWIFT_OPTIMIZATION_LEVEL = "-Onone";
			};
			name = Debug;
		};
		84E2EE9B289825E900EC6C55 /* Release */ = {
			isa = XCBuildConfiguration;
			buildSettings = {
				ALWAYS_SEARCH_USER_PATHS = NO;
				CLANG_ANALYZER_NONNULL = YES;
				CLANG_ANALYZER_NUMBER_OBJECT_CONVERSION = YES_AGGRESSIVE;
				CLANG_CXX_LANGUAGE_STANDARD = "gnu++17";
				CLANG_ENABLE_MODULES = YES;
				CLANG_ENABLE_OBJC_ARC = YES;
				CLANG_ENABLE_OBJC_WEAK = YES;
				CLANG_WARN_BLOCK_CAPTURE_AUTORELEASING = YES;
				CLANG_WARN_BOOL_CONVERSION = YES;
				CLANG_WARN_COMMA = YES;
				CLANG_WARN_CONSTANT_CONVERSION = YES;
				CLANG_WARN_DEPRECATED_OBJC_IMPLEMENTATIONS = YES;
				CLANG_WARN_DIRECT_OBJC_ISA_USAGE = YES_ERROR;
				CLANG_WARN_DOCUMENTATION_COMMENTS = YES;
				CLANG_WARN_EMPTY_BODY = YES;
				CLANG_WARN_ENUM_CONVERSION = YES;
				CLANG_WARN_INFINITE_RECURSION = YES;
				CLANG_WARN_INT_CONVERSION = YES;
				CLANG_WARN_NON_LITERAL_NULL_CONVERSION = YES;
				CLANG_WARN_OBJC_IMPLICIT_RETAIN_SELF = YES;
				CLANG_WARN_OBJC_LITERAL_CONVERSION = YES;
				CLANG_WARN_OBJC_ROOT_CLASS = YES_ERROR;
				CLANG_WARN_QUOTED_INCLUDE_IN_FRAMEWORK_HEADER = YES;
				CLANG_WARN_RANGE_LOOP_ANALYSIS = YES;
				CLANG_WARN_STRICT_PROTOTYPES = YES;
				CLANG_WARN_SUSPICIOUS_MOVE = YES;
				CLANG_WARN_UNGUARDED_AVAILABILITY = YES_AGGRESSIVE;
				CLANG_WARN_UNREACHABLE_CODE = YES;
				CLANG_WARN__DUPLICATE_METHOD_MATCH = YES;
				COPY_PHASE_STRIP = NO;
				DEBUG_INFORMATION_FORMAT = "dwarf-with-dsym";
				ENABLE_NS_ASSERTIONS = NO;
				ENABLE_STRICT_OBJC_MSGSEND = YES;
				GCC_C_LANGUAGE_STANDARD = gnu11;
				GCC_NO_COMMON_BLOCKS = YES;
				GCC_WARN_64_TO_32_BIT_CONVERSION = YES;
				GCC_WARN_ABOUT_RETURN_TYPE = YES_ERROR;
				GCC_WARN_UNDECLARED_SELECTOR = YES;
				GCC_WARN_UNINITIALIZED_AUTOS = YES_AGGRESSIVE;
				GCC_WARN_UNUSED_FUNCTION = YES;
				GCC_WARN_UNUSED_VARIABLE = YES;
				IPHONEOS_DEPLOYMENT_TARGET = 15.5;
				MTL_ENABLE_DEBUG_INFO = NO;
				MTL_FAST_MATH = YES;
				SDKROOT = iphoneos;
				SWIFT_COMPILATION_MODE = wholemodule;
				SWIFT_OPTIMIZATION_LEVEL = "-O";
				VALIDATE_PRODUCT = YES;
			};
			name = Release;
		};
		84E2EE9D289825E900EC6C55 /* Debug */ = {
			isa = XCBuildConfiguration;
			buildSettings = {
				ASSETCATALOG_COMPILER_APPICON_NAME = AppIcon;
				ASSETCATALOG_COMPILER_GLOBAL_ACCENT_COLOR_NAME = AccentColor;
				CLANG_ENABLE_MODULES = YES;
				CODE_SIGN_STYLE = Automatic;
				CURRENT_PROJECT_VERSION = 1;
				DEVELOPMENT_TEAM = Q6XS9G2H7P;
				GENERATE_INFOPLIST_FILE = YES;
				INFOPLIST_FILE = KisilerUygulamasi/Info.plist;
				INFOPLIST_KEY_UIApplicationSupportsIndirectInputEvents = YES;
				INFOPLIST_KEY_UILaunchStoryboardName = LaunchScreen;
				INFOPLIST_KEY_UIMainStoryboardFile = Main;
				INFOPLIST_KEY_UISupportedInterfaceOrientations_iPad = "UIInterfaceOrientationPortrait UIInterfaceOrientationPortraitUpsideDown UIInterfaceOrientationLandscapeLeft UIInterfaceOrientationLandscapeRight";
				INFOPLIST_KEY_UISupportedInterfaceOrientations_iPhone = "UIInterfaceOrientationPortrait UIInterfaceOrientationLandscapeLeft UIInterfaceOrientationLandscapeRight";
				LD_RUNPATH_SEARCH_PATHS = (
					"$(inherited)",
					"@executable_path/Frameworks",
				);
				MARKETING_VERSION = 1.0;
				PRODUCT_BUNDLE_IDENTIFIER = yasinozmeen.KisilerUygulamasi;
				PRODUCT_NAME = "$(TARGET_NAME)";
				SWIFT_EMIT_LOC_STRINGS = YES;
				SWIFT_OBJC_BRIDGING_HEADER = "KisilerUygulamasi/KisilerUygulamasi-Bridging-Header.h";
				SWIFT_OPTIMIZATION_LEVEL = "-Onone";
				SWIFT_VERSION = 5.0;
				TARGETED_DEVICE_FAMILY = "1,2";
			};
			name = Debug;
		};
		84E2EE9E289825E900EC6C55 /* Release */ = {
			isa = XCBuildConfiguration;
			buildSettings = {
				ASSETCATALOG_COMPILER_APPICON_NAME = AppIcon;
				ASSETCATALOG_COMPILER_GLOBAL_ACCENT_COLOR_NAME = AccentColor;
				CLANG_ENABLE_MODULES = YES;
				CODE_SIGN_STYLE = Automatic;
				CURRENT_PROJECT_VERSION = 1;
				DEVELOPMENT_TEAM = Q6XS9G2H7P;
				GENERATE_INFOPLIST_FILE = YES;
				INFOPLIST_FILE = KisilerUygulamasi/Info.plist;
				INFOPLIST_KEY_UIApplicationSupportsIndirectInputEvents = YES;
				INFOPLIST_KEY_UILaunchStoryboardName = LaunchScreen;
				INFOPLIST_KEY_UIMainStoryboardFile = Main;
				INFOPLIST_KEY_UISupportedInterfaceOrientations_iPad = "UIInterfaceOrientationPortrait UIInterfaceOrientationPortraitUpsideDown UIInterfaceOrientationLandscapeLeft UIInterfaceOrientationLandscapeRight";
				INFOPLIST_KEY_UISupportedInterfaceOrientations_iPhone = "UIInterfaceOrientationPortrait UIInterfaceOrientationLandscapeLeft UIInterfaceOrientationLandscapeRight";
				LD_RUNPATH_SEARCH_PATHS = (
					"$(inherited)",
					"@executable_path/Frameworks",
				);
				MARKETING_VERSION = 1.0;
				PRODUCT_BUNDLE_IDENTIFIER = yasinozmeen.KisilerUygulamasi;
				PRODUCT_NAME = "$(TARGET_NAME)";
				SWIFT_EMIT_LOC_STRINGS = YES;
				SWIFT_OBJC_BRIDGING_HEADER = "KisilerUygulamasi/KisilerUygulamasi-Bridging-Header.h";
				SWIFT_VERSION = 5.0;
				TARGETED_DEVICE_FAMILY = "1,2";
			};
			name = Release;
		};
/* End XCBuildConfiguration section */

/* Begin XCConfigurationList section */
		84E2EE83289825E600EC6C55 /* Build configuration list for PBXProject "KisilerUygulamasi" */ = {
			isa = XCConfigurationList;
			buildConfigurations = (
				84E2EE9A289825E900EC6C55 /* Debug */,
				84E2EE9B289825E900EC6C55 /* Release */,
			);
			defaultConfigurationIsVisible = 0;
			defaultConfigurationName = Release;
		};
		84E2EE9C289825E900EC6C55 /* Build configuration list for PBXNativeTarget "KisilerUygulamasi" */ = {
			isa = XCConfigurationList;
			buildConfigurations = (
				84E2EE9D289825E900EC6C55 /* Debug */,
				84E2EE9E289825E900EC6C55 /* Release */,
			);
			defaultConfigurationIsVisible = 0;
			defaultConfigurationName = Release;
		};
/* End XCConfigurationList section */
	};
	rootObject = 84E2EE80289825E600EC6C55 /* Project object */;
}
