// !$*UTF8*$!
{
	archiveVersion = 1;
	classes = {
	};
	objectVersion = 55;
	objects = {

/* Begin PBXBuildFile section */
		84AE2F632885907D00645D85 /* AppDelegate.swift in Sources */ = {isa = PBXBuildFile; fileRef = 84AE2F622885907D00645D85 /* AppDelegate.swift */; };
		84AE2F652885907D00645D85 /* SceneDelegate.swift in Sources */ = {isa = PBXBuildFile; fileRef = 84AE2F642885907D00645D85 /* SceneDelegate.swift */; };
		84AE2F672885907D00645D85 /* KisilerViewController.swift in Sources */ = {isa = PBXBuildFile; fileRef = 84AE2F662885907D00645D85 /* KisilerViewController.swift */; };
		84AE2F6A2885907D00645D85 /* Main.storyboard in Resources */ = {isa = PBXBuildFile; fileRef = 84AE2F682885907D00645D85 /* Main.storyboard */; };
		84AE2F6C2885907F00645D85 /* Assets.xcassets in Resources */ = {isa = PBXBuildFile; fileRef = 84AE2F6B2885907F00645D85 /* Assets.xcassets */; };
		84AE2F6F2885907F00645D85 /* LaunchScreen.storyboard in Resources */ = {isa = PBXBuildFile; fileRef = 84AE2F6D2885907F00645D85 /* LaunchScreen.storyboard */; };
		84AE2F772885949B00645D85 /* KisiEkleViewController.swift in Sources */ = {isa = PBXBuildFile; fileRef = 84AE2F762885949B00645D85 /* KisiEkleViewController.swift */; };
		84AE2F79288594AB00645D85 /* KisiDetayViewController.swift in Sources */ = {isa = PBXBuildFile; fileRef = 84AE2F78288594AB00645D85 /* KisiDetayViewController.swift */; };
		84AE2F7D2885954400645D85 /* KisiGuncelleViewController.swift in Sources */ = {isa = PBXBuildFile; fileRef = 84AE2F7C2885954400645D85 /* KisiGuncelleViewController.swift */; };
		84AE2F7F288595D900645D85 /* KisilerTableViewCell.swift in Sources */ = {isa = PBXBuildFile; fileRef = 84AE2F7E288595D900645D85 /* KisilerTableViewCell.swift */; };
		84B3E0572885CC3000B7A550 /* Kisiler.xcdatamodeld in Sources */ = {isa = PBXBuildFile; fileRef = 84B3E0552885CC3000B7A550 /* Kisiler.xcdatamodeld */; };
/* End PBXBuildFile section */

/* Begin PBXFileReference section */
		84AE2F5F2885907D00645D85 /* 45.Uygulama-CoreDataKisilerUygulaması.app */ = {isa = PBXFileReference; explicitFileType = wrapper.application; includeInIndex = 0; path = "45.Uygulama-CoreDataKisilerUygulaması.app"; sourceTree = BUILT_PRODUCTS_DIR; };
		84AE2F622885907D00645D85 /* AppDelegate.swift */ = {isa = PBXFileReference; lastKnownFileType = sourcecode.swift; path = AppDelegate.swift; sourceTree = "<group>"; };
		84AE2F642885907D00645D85 /* SceneDelegate.swift */ = {isa = PBXFileReference; lastKnownFileType = sourcecode.swift; path = SceneDelegate.swift; sourceTree = "<group>"; };
		84AE2F662885907D00645D85 /* KisilerViewController.swift */ = {isa = PBXFileReference; lastKnownFileType = sourcecode.swift; path = KisilerViewController.swift; sourceTree = "<group>"; };
		84AE2F692885907D00645D85 /* Base */ = {isa = PBXFileReference; lastKnownFileType = file.storyboard; name = Base; path = Base.lproj/Main.storyboard; sourceTree = "<group>"; };
		84AE2F6B2885907F00645D85 /* Assets.xcassets */ = {isa = PBXFileReference; lastKnownFileType = folder.assetcatalog; path = Assets.xcassets; sourceTree = "<group>"; };
		84AE2F6E2885907F00645D85 /* Base */ = {isa = PBXFileReference; lastKnownFileType = file.storyboard; name = Base; path = Base.lproj/LaunchScreen.storyboard; sourceTree = "<group>"; };
		84AE2F702885907F00645D85 /* Info.plist */ = {isa = PBXFileReference; lastKnownFileType = text.plist.xml; path = Info.plist; sourceTree = "<group>"; };
		84AE2F762885949B00645D85 /* KisiEkleViewController.swift */ = {isa = PBXFileReference; lastKnownFileType = sourcecode.swift; path = KisiEkleViewController.swift; sourceTree = "<group>"; };
		84AE2F78288594AB00645D85 /* KisiDetayViewController.swift */ = {isa = PBXFileReference; lastKnownFileType = sourcecode.swift; path = KisiDetayViewController.swift; sourceTree = "<group>"; };
		84AE2F7C2885954400645D85 /* KisiGuncelleViewController.swift */ = {isa = PBXFileReference; lastKnownFileType = sourcecode.swift; path = KisiGuncelleViewController.swift; sourceTree = "<group>"; };
		84AE2F7E288595D900645D85 /* KisilerTableViewCell.swift */ = {isa = PBXFileReference; lastKnownFileType = sourcecode.swift; path = KisilerTableViewCell.swift; sourceTree = "<group>"; };
		84B3E0562885CC3000B7A550 /* Kisiler.xcdatamodel */ = {isa = PBXFileReference; lastKnownFileType = wrapper.xcdatamodel; path = Kisiler.xcdatamodel; sourceTree = "<group>"; };
/* End PBXFileReference section */

/* Begin PBXFrameworksBuildPhase section */
		84AE2F5C2885907D00645D85 /* Frameworks */ = {
			isa = PBXFrameworksBuildPhase;
			buildActionMask = 2147483647;
			files = (
			);
			runOnlyForDeploymentPostprocessing = 0;
		};
/* End PBXFrameworksBuildPhase section */

/* Begin PBXGroup section */
		84AE2F562885907D00645D85 = {
			isa = PBXGroup;
			children = (
				84AE2F612885907D00645D85 /* 45.Uygulama-CoreDataKisilerUygulaması */,
				84AE2F602885907D00645D85 /* Products */,
			);
			sourceTree = "<group>";
		};
		84AE2F602885907D00645D85 /* Products */ = {
			isa = PBXGroup;
			children = (
				84AE2F5F2885907D00645D85 /* 45.Uygulama-CoreDataKisilerUygulaması.app */,
			);
			name = Products;
			sourceTree = "<group>";
		};
		84AE2F612885907D00645D85 /* 45.Uygulama-CoreDataKisilerUygulaması */ = {
			isa = PBXGroup;
			children = (
				84AE2F622885907D00645D85 /* AppDelegate.swift */,
				84AE2F642885907D00645D85 /* SceneDelegate.swift */,
				84AE2F662885907D00645D85 /* KisilerViewController.swift */,
				84AE2F7E288595D900645D85 /* KisilerTableViewCell.swift */,
				84AE2F762885949B00645D85 /* KisiEkleViewController.swift */,
				84AE2F78288594AB00645D85 /* KisiDetayViewController.swift */,
				84AE2F7C2885954400645D85 /* KisiGuncelleViewController.swift */,
				84AE2F682885907D00645D85 /* Main.storyboard */,
				84AE2F6B2885907F00645D85 /* Assets.xcassets */,
				84AE2F6D2885907F00645D85 /* LaunchScreen.storyboard */,
				84AE2F702885907F00645D85 /* Info.plist */,
				84B3E0552885CC3000B7A550 /* Kisiler.xcdatamodeld */,
			);
			path = "45.Uygulama-CoreDataKisilerUygulaması";
			sourceTree = "<group>";
		};
/* End PBXGroup section */

/* Begin PBXNativeTarget section */
		84AE2F5E2885907D00645D85 /* 45.Uygulama-CoreDataKisilerUygulaması */ = {
			isa = PBXNativeTarget;
			buildConfigurationList = 84AE2F732885907F00645D85 /* Build configuration list for PBXNativeTarget "45.Uygulama-CoreDataKisilerUygulaması" */;
			buildPhases = (
				84AE2F5B2885907D00645D85 /* Sources */,
				84AE2F5C2885907D00645D85 /* Frameworks */,
				84AE2F5D2885907D00645D85 /* Resources */,
			);
			buildRules = (
			);
			dependencies = (
			);
			name = "45.Uygulama-CoreDataKisilerUygulaması";
			productName = "45.Uygulama-CoreDataKisilerUygulaması";
			productReference = 84AE2F5F2885907D00645D85 /* 45.Uygulama-CoreDataKisilerUygulaması.app */;
			productType = "com.apple.product-type.application";
		};
/* End PBXNativeTarget section */

/* Begin PBXProject section */
		84AE2F572885907D00645D85 /* Project object */ = {
			isa = PBXProject;
			attributes = {
				BuildIndependentTargetsInParallel = 1;
				LastSwiftUpdateCheck = 1340;
				LastUpgradeCheck = 1340;
				TargetAttributes = {
					84AE2F5E2885907D00645D85 = {
						CreatedOnToolsVersion = 13.4.1;
					};
				};
			};
			buildConfigurationList = 84AE2F5A2885907D00645D85 /* Build configuration list for PBXProject "45.Uygulama-CoreDataKisilerUygulaması" */;
			compatibilityVersion = "Xcode 13.0";
			developmentRegion = en;
			hasScannedForEncodings = 0;
			knownRegions = (
				en,
				Base,
			);
			mainGroup = 84AE2F562885907D00645D85;
			productRefGroup = 84AE2F602885907D00645D85 /* Products */;
			projectDirPath = "";
			projectRoot = "";
			targets = (
				84AE2F5E2885907D00645D85 /* 45.Uygulama-CoreDataKisilerUygulaması */,
			);
		};
/* End PBXProject section */

/* Begin PBXResourcesBuildPhase section */
		84AE2F5D2885907D00645D85 /* Resources */ = {
			isa = PBXResourcesBuildPhase;
			buildActionMask = 2147483647;
			files = (
				84AE2F6F2885907F00645D85 /* LaunchScreen.storyboard in Resources */,
				84AE2F6C2885907F00645D85 /* Assets.xcassets in Resources */,
				84AE2F6A2885907D00645D85 /* Main.storyboard in Resources */,
			);
			runOnlyForDeploymentPostprocessing = 0;
		};
/* End PBXResourcesBuildPhase section */

/* Begin PBXSourcesBuildPhase section */
		84AE2F5B2885907D00645D85 /* Sources */ = {
			isa = PBXSourcesBuildPhase;
			buildActionMask = 2147483647;
			files = (
				84AE2F672885907D00645D85 /* KisilerViewController.swift in Sources */,
				84AE2F632885907D00645D85 /* AppDelegate.swift in Sources */,
				84AE2F7F288595D900645D85 /* KisilerTableViewCell.swift in Sources */,
				84AE2F652885907D00645D85 /* SceneDelegate.swift in Sources */,
				84AE2F772885949B00645D85 /* KisiEkleViewController.swift in Sources */,
				84AE2F7D2885954400645D85 /* KisiGuncelleViewController.swift in Sources */,
				84AE2F79288594AB00645D85 /* KisiDetayViewController.swift in Sources */,
				84B3E0572885CC3000B7A550 /* Kisiler.xcdatamodeld in Sources */,
			);
			runOnlyForDeploymentPostprocessing = 0;
		};
/* End PBXSourcesBuildPhase section */

/* Begin PBXVariantGroup section */
		84AE2F682885907D00645D85 /* Main.storyboard */ = {
			isa = PBXVariantGroup;
			children = (
				84AE2F692885907D00645D85 /* Base */,
			);
			name = Main.storyboard;
			sourceTree = "<group>";
		};
		84AE2F6D2885907F00645D85 /* LaunchScreen.storyboard */ = {
			isa = PBXVariantGroup;
			children = (
				84AE2F6E2885907F00645D85 /* Base */,
			);
			name = LaunchScreen.storyboard;
			sourceTree = "<group>";
		};
/* End PBXVariantGroup section */

/* Begin XCBuildConfiguration section */
		84AE2F712885907F00645D85 /* Debug */ = {
			isa = XCBuildConfiguration;
			buildSettings = {
				ALWAYS_SEARCH_USER_PATHS = NO;
				CLANG_ANALYZER_NONNULL = YES;
				CLANG_ANALYZER_NUMBER_OBJECT_CONVERSION = YES_AGGRESSIVE;
				CLANG_CXX_LANGUAGE_STANDARD = "gnu++17";
				CLANG_ENABLE_MODULES = YES;
				CLANG_ENABLE_OBJC_ARC = YES;
				CLANG_ENABLE_OBJC_WEAK = YES;
				CLANG_WARN_BLOCK_CAPTURE_AUTORELEASING = YES;
				CLANG_WARN_BOOL_CONVERSION = YES;
				CLANG_WARN_COMMA = YES;
				CLANG_WARN_CONSTANT_CONVERSION = YES;
				CLANG_WARN_DEPRECATED_OBJC_IMPLEMENTATIONS = YES;
				CLANG_WARN_DIRECT_OBJC_ISA_USAGE = YES_ERROR;
				CLANG_WARN_DOCUMENTATION_COMMENTS = YES;
				CLANG_WARN_EMPTY_BODY = YES;
				CLANG_WARN_ENUM_CONVERSION = YES;
				CLANG_WARN_INFINITE_RECURSION = YES;
				CLANG_WARN_INT_CONVERSION = YES;
				CLANG_WARN_NON_LITERAL_NULL_CONVERSION = YES;
				CLANG_WARN_OBJC_IMPLICIT_RETAIN_SELF = YES;
				CLANG_WARN_OBJC_LITERAL_CONVERSION = YES;
				CLANG_WARN_OBJC_ROOT_CLASS = YES_ERROR;
				CLANG_WARN_QUOTED_INCLUDE_IN_FRAMEWORK_HEADER = YES;
				CLANG_WARN_RANGE_LOOP_ANALYSIS = YES;
				CLANG_WARN_STRICT_PROTOTYPES = YES;
				CLANG_WARN_SUSPICIOUS_MOVE = YES;
				CLANG_WARN_UNGUARDED_AVAILABILITY = YES_AGGRESSIVE;
				CLANG_WARN_UNREACHABLE_CODE = YES;
				CLANG_WARN__DUPLICATE_METHOD_MATCH = YES;
				COPY_PHASE_STRIP = NO;
				DEBUG_INFORMATION_FORMAT = dwarf;
				ENABLE_STRICT_OBJC_MSGSEND = YES;
				ENABLE_TESTABILITY = YES;
				GCC_C_LANGUAGE_STANDARD = gnu11;
				GCC_DYNAMIC_NO_PIC = NO;
				GCC_NO_COMMON_BLOCKS = YES;
				GCC_OPTIMIZATION_LEVEL = 0;
				GCC_PREPROCESSOR_DEFINITIONS = (
					"DEBUG=1",
					"$(inherited)",
				);
				GCC_WARN_64_TO_32_BIT_CONVERSION = YES;
				GCC_WARN_ABOUT_RETURN_TYPE = YES_ERROR;
				GCC_WARN_UNDECLARED_SELECTOR = YES;
				GCC_WARN_UNINITIALIZED_AUTOS = YES_AGGRESSIVE;
				GCC_WARN_UNUSED_FUNCTION = YES;
				GCC_WARN_UNUSED_VARIABLE = YES;
				IPHONEOS_DEPLOYMENT_TARGET = 15.5;
				MTL_ENABLE_DEBUG_INFO = INCLUDE_SOURCE;
				MTL_FAST_MATH = YES;
				ONLY_ACTIVE_ARCH = YES;
				SDKROOT = iphoneos;
				SWIFT_ACTIVE_COMPILATION_CONDITIONS = DEBUG;
				SWIFT_OPTIMIZATION_LEVEL = "-Onone";
			};
			name = Debug;
		};
		84AE2F722885907F00645D85 /* Release */ = {
			isa = XCBuildConfiguration;
			buildSettings = {
				ALWAYS_SEARCH_USER_PATHS = NO;
				CLANG_ANALYZER_NONNULL = YES;
				CLANG_ANALYZER_NUMBER_OBJECT_CONVERSION = YES_AGGRESSIVE;
				CLANG_CXX_LANGUAGE_STANDARD = "gnu++17";
				CLANG_ENABLE_MODULES = YES;
				CLANG_ENABLE_OBJC_ARC = YES;
				CLANG_ENABLE_OBJC_WEAK = YES;
				CLANG_WARN_BLOCK_CAPTURE_AUTORELEASING = YES;
				CLANG_WARN_BOOL_CONVERSION = YES;
				CLANG_WARN_COMMA = YES;
				CLANG_WARN_CONSTANT_CONVERSION = YES;
				CLANG_WARN_DEPRECATED_OBJC_IMPLEMENTATIONS = YES;
				CLANG_WARN_DIRECT_OBJC_ISA_USAGE = YES_ERROR;
				CLANG_WARN_DOCUMENTATION_COMMENTS = YES;
				CLANG_WARN_EMPTY_BODY = YES;
				CLANG_WARN_ENUM_CONVERSION = YES;
				CLANG_WARN_INFINITE_RECURSION = YES;
				CLANG_WARN_INT_CONVERSION = YES;
				CLANG_WARN_NON_LITERAL_NULL_CONVERSION = YES;
				CLANG_WARN_OBJC_IMPLICIT_RETAIN_SELF = YES;
				CLANG_WARN_OBJC_LITERAL_CONVERSION = YES;
				CLANG_WARN_OBJC_ROOT_CLASS = YES_ERROR;
				CLANG_WARN_QUOTED_INCLUDE_IN_FRAMEWORK_HEADER = YES;
				CLANG_WARN_RANGE_LOOP_ANALYSIS = YES;
				CLANG_WARN_STRICT_PROTOTYPES = YES;
				CLANG_WARN_SUSPICIOUS_MOVE = YES;
				CLANG_WARN_UNGUARDED_AVAILABILITY = YES_AGGRESSIVE;
				CLANG_WARN_UNREACHABLE_CODE = YES;
				CLANG_WARN__DUPLICATE_METHOD_MATCH = YES;
				COPY_PHASE_STRIP = NO;
				DEBUG_INFORMATION_FORMAT = "dwarf-with-dsym";
				ENABLE_NS_ASSERTIONS = NO;
				ENABLE_STRICT_OBJC_MSGSEND = YES;
				GCC_C_LANGUAGE_STANDARD = gnu11;
				GCC_NO_COMMON_BLOCKS = YES;
				GCC_WARN_64_TO_32_BIT_CONVERSION = YES;
				GCC_WARN_ABOUT_RETURN_TYPE = YES_ERROR;
				GCC_WARN_UNDECLARED_SELECTOR = YES;
				GCC_WARN_UNINITIALIZED_AUTOS = YES_AGGRESSIVE;
				GCC_WARN_UNUSED_FUNCTION = YES;
				GCC_WARN_UNUSED_VARIABLE = YES;
				IPHONEOS_DEPLOYMENT_TARGET = 15.5;
				MTL_ENABLE_DEBUG_INFO = NO;
				MTL_FAST_MATH = YES;
				SDKROOT = iphoneos;
				SWIFT_COMPILATION_MODE = wholemodule;
				SWIFT_OPTIMIZATION_LEVEL = "-O";
				VALIDATE_PRODUCT = YES;
			};
			name = Release;
		};
		84AE2F742885907F00645D85 /* Debug */ = {
			isa = XCBuildConfiguration;
			buildSettings = {
				ASSETCATALOG_COMPILER_APPICON_NAME = AppIcon;
				ASSETCATALOG_COMPILER_GLOBAL_ACCENT_COLOR_NAME = AccentColor;
				CODE_SIGN_STYLE = Automatic;
				CURRENT_PROJECT_VERSION = 1;
				DEVELOPMENT_TEAM = Q6XS9G2H7P;
				GENERATE_INFOPLIST_FILE = YES;
				INFOPLIST_FILE = "45.Uygulama-CoreDataKisilerUygulaması/Info.plist";
				INFOPLIST_KEY_UIApplicationSupportsIndirectInputEvents = YES;
				INFOPLIST_KEY_UILaunchStoryboardName = LaunchScreen;
				INFOPLIST_KEY_UIMainStoryboardFile = Main;
				INFOPLIST_KEY_UISupportedInterfaceOrientations_iPad = "UIInterfaceOrientationPortrait UIInterfaceOrientationPortraitUpsideDown UIInterfaceOrientationLandscapeLeft UIInterfaceOrientationLandscapeRight";
				INFOPLIST_KEY_UISupportedInterfaceOrientations_iPhone = "UIInterfaceOrientationPortrait UIInterfaceOrientationLandscapeLeft UIInterfaceOrientationLandscapeRight";
				LD_RUNPATH_SEARCH_PATHS = (
					"$(inherited)",
					"@executable_path/Frameworks",
				);
				MARKETING_VERSION = 1.0;
				PRODUCT_BUNDLE_IDENTIFIER = "yasinozmeen.-5-Uygulama-CoreDataKisilerUygulamas-";
				PRODUCT_NAME = "$(TARGET_NAME)";
				SWIFT_EMIT_LOC_STRINGS = YES;
				SWIFT_VERSION = 5.0;
				TARGETED_DEVICE_FAMILY = "1,2";
			};
			name = Debug;
		};
		84AE2F752885907F00645D85 /* Release */ = {
			isa = XCBuildConfiguration;
			buildSettings = {
				ASSETCATALOG_COMPILER_APPICON_NAME = AppIcon;
				ASSETCATALOG_COMPILER_GLOBAL_ACCENT_COLOR_NAME = AccentColor;
				CODE_SIGN_STYLE = Automatic;
				CURRENT_PROJECT_VERSION = 1;
				DEVELOPMENT_TEAM = Q6XS9G2H7P;
				GENERATE_INFOPLIST_FILE = YES;
				INFOPLIST_FILE = "45.Uygulama-CoreDataKisilerUygulaması/Info.plist";
				INFOPLIST_KEY_UIApplicationSupportsIndirectInputEvents = YES;
				INFOPLIST_KEY_UILaunchStoryboardName = LaunchScreen;
				INFOPLIST_KEY_UIMainStoryboardFile = Main;
				INFOPLIST_KEY_UISupportedInterfaceOrientations_iPad = "UIInterfaceOrientationPortrait UIInterfaceOrientationPortraitUpsideDown UIInterfaceOrientationLandscapeLeft UIInterfaceOrientationLandscapeRight";
				INFOPLIST_KEY_UISupportedInterfaceOrientations_iPhone = "UIInterfaceOrientationPortrait UIInterfaceOrientationLandscapeLeft UIInterfaceOrientationLandscapeRight";
				LD_RUNPATH_SEARCH_PATHS = (
					"$(inherited)",
					"@executable_path/Frameworks",
				);
				MARKETING_VERSION = 1.0;
				PRODUCT_BUNDLE_IDENTIFIER = "yasinozmeen.-5-Uygulama-CoreDataKisilerUygulamas-";
				PRODUCT_NAME = "$(TARGET_NAME)";
				SWIFT_EMIT_LOC_STRINGS = YES;
				SWIFT_VERSION = 5.0;
				TARGETED_DEVICE_FAMILY = "1,2";
			};
			name = Release;
		};
/* End XCBuildConfiguration section */

/* Begin XCConfigurationList section */
		84AE2F5A2885907D00645D85 /* Build configuration list for PBXProject "45.Uygulama-CoreDataKisilerUygulaması" */ = {
			isa = XCConfigurationList;
			buildConfigurations = (
				84AE2F712885907F00645D85 /* Debug */,
				84AE2F722885907F00645D85 /* Release */,
			);
			defaultConfigurationIsVisible = 0;
			defaultConfigurationName = Release;
		};
		84AE2F732885907F00645D85 /* Build configuration list for PBXNativeTarget "45.Uygulama-CoreDataKisilerUygulaması" */ = {
			isa = XCConfigurationList;
			buildConfigurations = (
				84AE2F742885907F00645D85 /* Debug */,
				84AE2F752885907F00645D85 /* Release */,
			);
			defaultConfigurationIsVisible = 0;
			defaultConfigurationName = Release;
		};
/* End XCConfigurationList section */

/* Begin XCVersionGroup section */
		84B3E0552885CC3000B7A550 /* Kisiler.xcdatamodeld */ = {
			isa = XCVersionGroup;
			children = (
				84B3E0562885CC3000B7A550 /* Kisiler.xcdatamodel */,
			);
			currentVersion = 84B3E0562885CC3000B7A550 /* Kisiler.xcdatamodel */;
			name = Kisiler.xcdatamodeld;
			path = ../Kisiler.xcdatamodeld;
			sourceTree = "<group>";
			versionGroupType = wrapper.xcdatamodel;
		};
/* End XCVersionGroup section */
	};
	rootObject = 84AE2F572885907D00645D85 /* Project object */;
}
