// !$*UTF8*$!
{
	archiveVersion = 1;
	classes = {
	};
	objectVersion = 55;
	objects = {

/* Begin PBXBuildFile section */
		843B093528886A87001BFAD1 /* AppDelegate.swift in Sources */ = {isa = PBXBuildFile; fileRef = 843B093428886A87001BFAD1 /* AppDelegate.swift */; };
		843B093728886A87001BFAD1 /* SceneDelegate.swift in Sources */ = {isa = PBXBuildFile; fileRef = 843B093628886A87001BFAD1 /* SceneDelegate.swift */; };
		843B093928886A87001BFAD1 /* ViewController.swift in Sources */ = {isa = PBXBuildFile; fileRef = 843B093828886A87001BFAD1 /* ViewController.swift */; };
		843B093C28886A87001BFAD1 /* Main.storyboard in Resources */ = {isa = PBXBuildFile; fileRef = 843B093A28886A87001BFAD1 /* Main.storyboard */; };
		843B093E28886A89001BFAD1 /* Assets.xcassets in Resources */ = {isa = PBXBuildFile; fileRef = 843B093D28886A89001BFAD1 /* Assets.xcassets */; };
		843B094128886A89001BFAD1 /* LaunchScreen.storyboard in Resources */ = {isa = PBXBuildFile; fileRef = 843B093F28886A89001BFAD1 /* LaunchScreen.storyboard */; };
		84EAFFE728893B7900DF221F /* Filmler.xcdatamodeld in Sources */ = {isa = PBXBuildFile; fileRef = 84EAFFE528893B7900DF221F /* Filmler.xcdatamodeld */; };
		84EAFFE928893C2A00DF221F /* filmHucreTableViewCell.swift in Sources */ = {isa = PBXBuildFile; fileRef = 84EAFFE828893C2A00DF221F /* filmHucreTableViewCell.swift */; };
		84EAFFEB28893F4500DF221F /* filmEkleViewController.swift in Sources */ = {isa = PBXBuildFile; fileRef = 84EAFFEA28893F4500DF221F /* filmEkleViewController.swift */; };
		84EAFFED2889404800DF221F /* filmDetayViewController.swift in Sources */ = {isa = PBXBuildFile; fileRef = 84EAFFEC2889404800DF221F /* filmDetayViewController.swift */; };
/* End PBXBuildFile section */

/* Begin PBXFileReference section */
		843B093128886A87001BFAD1 /* CoreDataEgzersiz.app */ = {isa = PBXFileReference; explicitFileType = wrapper.application; includeInIndex = 0; path = CoreDataEgzersiz.app; sourceTree = BUILT_PRODUCTS_DIR; };
		843B093428886A87001BFAD1 /* AppDelegate.swift */ = {isa = PBXFileReference; lastKnownFileType = sourcecode.swift; path = AppDelegate.swift; sourceTree = "<group>"; };
		843B093628886A87001BFAD1 /* SceneDelegate.swift */ = {isa = PBXFileReference; lastKnownFileType = sourcecode.swift; path = SceneDelegate.swift; sourceTree = "<group>"; };
		843B093828886A87001BFAD1 /* ViewController.swift */ = {isa = PBXFileReference; lastKnownFileType = sourcecode.swift; path = ViewController.swift; sourceTree = "<group>"; };
		843B093B28886A87001BFAD1 /* Base */ = {isa = PBXFileReference; lastKnownFileType = file.storyboard; name = Base; path = Base.lproj/Main.storyboard; sourceTree = "<group>"; };
		843B093D28886A89001BFAD1 /* Assets.xcassets */ = {isa = PBXFileReference; lastKnownFileType = folder.assetcatalog; path = Assets.xcassets; sourceTree = "<group>"; };
		843B094028886A89001BFAD1 /* Base */ = {isa = PBXFileReference; lastKnownFileType = file.storyboard; name = Base; path = Base.lproj/LaunchScreen.storyboard; sourceTree = "<group>"; };
		843B094228886A89001BFAD1 /* Info.plist */ = {isa = PBXFileReference; lastKnownFileType = text.plist.xml; path = Info.plist; sourceTree = "<group>"; };
		84EAFFE628893B7900DF221F /* Filmler.xcdatamodel */ = {isa = PBXFileReference; lastKnownFileType = wrapper.xcdatamodel; path = Filmler.xcdatamodel; sourceTree = "<group>"; };
		84EAFFE828893C2A00DF221F /* filmHucreTableViewCell.swift */ = {isa = PBXFileReference; lastKnownFileType = sourcecode.swift; path = filmHucreTableViewCell.swift; sourceTree = "<group>"; };
		84EAFFEA28893F4500DF221F /* filmEkleViewController.swift */ = {isa = PBXFileReference; lastKnownFileType = sourcecode.swift; path = filmEkleViewController.swift; sourceTree = "<group>"; };
		84EAFFEC2889404800DF221F /* filmDetayViewController.swift */ = {isa = PBXFileReference; lastKnownFileType = sourcecode.swift; path = filmDetayViewController.swift; sourceTree = "<group>"; };
/* End PBXFileReference section */

/* Begin PBXFrameworksBuildPhase section */
		843B092E28886A87001BFAD1 /* Frameworks */ = {
			isa = PBXFrameworksBuildPhase;
			buildActionMask = 2147483647;
			files = (
			);
			runOnlyForDeploymentPostprocessing = 0;
		};
/* End PBXFrameworksBuildPhase section */

/* Begin PBXGroup section */
		843B092828886A87001BFAD1 = {
			isa = PBXGroup;
			children = (
				843B093328886A87001BFAD1 /* CoreDataEgzersiz */,
				843B093228886A87001BFAD1 /* Products */,
			);
			sourceTree = "<group>";
		};
		843B093228886A87001BFAD1 /* Products */ = {
			isa = PBXGroup;
			children = (
				843B093128886A87001BFAD1 /* CoreDataEgzersiz.app */,
			);
			name = Products;
			sourceTree = "<group>";
		};
		843B093328886A87001BFAD1 /* CoreDataEgzersiz */ = {
			isa = PBXGroup;
			children = (
				84EAFFF1288940AC00DF221F /* Ekstra */,
				84EAFFEF2889408000DF221F /* VC */,
				843B093A28886A87001BFAD1 /* Main.storyboard */,
				843B093F28886A89001BFAD1 /* LaunchScreen.storyboard */,
				843B093D28886A89001BFAD1 /* Assets.xcassets */,
				843B094228886A89001BFAD1 /* Info.plist */,
				84EAFFE528893B7900DF221F /* Filmler.xcdatamodeld */,
			);
			path = CoreDataEgzersiz;
			sourceTree = "<group>";
		};
		84EAFFEF2889408000DF221F /* VC */ = {
			isa = PBXGroup;
			children = (
				843B093828886A87001BFAD1 /* ViewController.swift */,
				84EAFFE828893C2A00DF221F /* filmHucreTableViewCell.swift */,
				84EAFFEC2889404800DF221F /* filmDetayViewController.swift */,
				84EAFFEA28893F4500DF221F /* filmEkleViewController.swift */,
			);
			name = VC;
			sourceTree = "<group>";
		};
		84EAFFF1288940AC00DF221F /* Ekstra */ = {
			isa = PBXGroup;
			children = (
				843B093428886A87001BFAD1 /* AppDelegate.swift */,
				843B093628886A87001BFAD1 /* SceneDelegate.swift */,
			);
			name = Ekstra;
			sourceTree = "<group>";
		};
/* End PBXGroup section */

/* Begin PBXNativeTarget section */
		843B093028886A87001BFAD1 /* CoreDataEgzersiz */ = {
			isa = PBXNativeTarget;
			buildConfigurationList = 843B094528886A89001BFAD1 /* Build configuration list for PBXNativeTarget "CoreDataEgzersiz" */;
			buildPhases = (
				843B092D28886A87001BFAD1 /* Sources */,
				843B092E28886A87001BFAD1 /* Frameworks */,
				843B092F28886A87001BFAD1 /* Resources */,
			);
			buildRules = (
			);
			dependencies = (
			);
			name = CoreDataEgzersiz;
			productName = CoreDataEgzersiz;
			productReference = 843B093128886A87001BFAD1 /* CoreDataEgzersiz.app */;
			productType = "com.apple.product-type.application";
		};
/* End PBXNativeTarget section */

/* Begin PBXProject section */
		843B092928886A87001BFAD1 /* Project object */ = {
			isa = PBXProject;
			attributes = {
				BuildIndependentTargetsInParallel = 1;
				LastSwiftUpdateCheck = 1340;
				LastUpgradeCheck = 1340;
				TargetAttributes = {
					843B093028886A87001BFAD1 = {
						CreatedOnToolsVersion = 13.4.1;
					};
				};
			};
			buildConfigurationList = 843B092C28886A87001BFAD1 /* Build configuration list for PBXProject "CoreDataEgzersiz" */;
			compatibilityVersion = "Xcode 13.0";
			developmentRegion = en;
			hasScannedForEncodings = 0;
			knownRegions = (
				en,
				Base,
			);
			mainGroup = 843B092828886A87001BFAD1;
			productRefGroup = 843B093228886A87001BFAD1 /* Products */;
			projectDirPath = "";
			projectRoot = "";
			targets = (
				843B093028886A87001BFAD1 /* CoreDataEgzersiz */,
			);
		};
/* End PBXProject section */

/* Begin PBXResourcesBuildPhase section */
		843B092F28886A87001BFAD1 /* Resources */ = {
			isa = PBXResourcesBuildPhase;
			buildActionMask = 2147483647;
			files = (
				843B094128886A89001BFAD1 /* LaunchScreen.storyboard in Resources */,
				843B093E28886A89001BFAD1 /* Assets.xcassets in Resources */,
				843B093C28886A87001BFAD1 /* Main.storyboard in Resources */,
			);
			runOnlyForDeploymentPostprocessing = 0;
		};
/* End PBXResourcesBuildPhase section */

/* Begin PBXSourcesBuildPhase section */
		843B092D28886A87001BFAD1 /* Sources */ = {
			isa = PBXSourcesBuildPhase;
			buildActionMask = 2147483647;
			files = (
				84EAFFE928893C2A00DF221F /* filmHucreTableViewCell.swift in Sources */,
				843B093928886A87001BFAD1 /* ViewController.swift in Sources */,
				843B093528886A87001BFAD1 /* AppDelegate.swift in Sources */,
				84EAFFEB28893F4500DF221F /* filmEkleViewController.swift in Sources */,
				84EAFFED2889404800DF221F /* filmDetayViewController.swift in Sources */,
				843B093728886A87001BFAD1 /* SceneDelegate.swift in Sources */,
				84EAFFE728893B7900DF221F /* Filmler.xcdatamodeld in Sources */,
			);
			runOnlyForDeploymentPostprocessing = 0;
		};
/* End PBXSourcesBuildPhase section */

/* Begin PBXVariantGroup section */
		843B093A28886A87001BFAD1 /* Main.storyboard */ = {
			isa = PBXVariantGroup;
			children = (
				843B093B28886A87001BFAD1 /* Base */,
			);
			name = Main.storyboard;
			sourceTree = "<group>";
		};
		843B093F28886A89001BFAD1 /* LaunchScreen.storyboard */ = {
			isa = PBXVariantGroup;
			children = (
				843B094028886A89001BFAD1 /* Base */,
			);
			name = LaunchScreen.storyboard;
			sourceTree = "<group>";
		};
/* End PBXVariantGroup section */

/* Begin XCBuildConfiguration section */
		843B094328886A89001BFAD1 /* Debug */ = {
			isa = XCBuildConfiguration;
			buildSettings = {
				ALWAYS_SEARCH_USER_PATHS = NO;
				CLANG_ANALYZER_NONNULL = YES;
				CLANG_ANALYZER_NUMBER_OBJECT_CONVERSION = YES_AGGRESSIVE;
				CLANG_CXX_LANGUAGE_STANDARD = "gnu++17";
				CLANG_ENABLE_MODULES = YES;
				CLANG_ENABLE_OBJC_ARC = YES;
				CLANG_ENABLE_OBJC_WEAK = YES;
				CLANG_WARN_BLOCK_CAPTURE_AUTORELEASING = YES;
				CLANG_WARN_BOOL_CONVERSION = YES;
				CLANG_WARN_COMMA = YES;
				CLANG_WARN_CONSTANT_CONVERSION = YES;
				CLANG_WARN_DEPRECATED_OBJC_IMPLEMENTATIONS = YES;
				CLANG_WARN_DIRECT_OBJC_ISA_USAGE = YES_ERROR;
				CLANG_WARN_DOCUMENTATION_COMMENTS = YES;
				CLANG_WARN_EMPTY_BODY = YES;
				CLANG_WARN_ENUM_CONVERSION = YES;
				CLANG_WARN_INFINITE_RECURSION = YES;
				CLANG_WARN_INT_CONVERSION = YES;
				CLANG_WARN_NON_LITERAL_NULL_CONVERSION = YES;
				CLANG_WARN_OBJC_IMPLICIT_RETAIN_SELF = YES;
				CLANG_WARN_OBJC_LITERAL_CONVERSION = YES;
				CLANG_WARN_OBJC_ROOT_CLASS = YES_ERROR;
				CLANG_WARN_QUOTED_INCLUDE_IN_FRAMEWORK_HEADER = YES;
				CLANG_WARN_RANGE_LOOP_ANALYSIS = YES;
				CLANG_WARN_STRICT_PROTOTYPES = YES;
				CLANG_WARN_SUSPICIOUS_MOVE = YES;
				CLANG_WARN_UNGUARDED_AVAILABILITY = YES_AGGRESSIVE;
				CLANG_WARN_UNREACHABLE_CODE = YES;
				CLANG_WARN__DUPLICATE_METHOD_MATCH = YES;
				COPY_PHASE_STRIP = NO;
				DEBUG_INFORMATION_FORMAT = dwarf;
				ENABLE_STRICT_OBJC_MSGSEND = YES;
				ENABLE_TESTABILITY = YES;
				GCC_C_LANGUAGE_STANDARD = gnu11;
				GCC_DYNAMIC_NO_PIC = NO;
				GCC_NO_COMMON_BLOCKS = YES;
				GCC_OPTIMIZATION_LEVEL = 0;
				GCC_PREPROCESSOR_DEFINITIONS = (
					"DEBUG=1",
					"$(inherited)",
				);
				GCC_WARN_64_TO_32_BIT_CONVERSION = YES;
				GCC_WARN_ABOUT_RETURN_TYPE = YES_ERROR;
				GCC_WARN_UNDECLARED_SELECTOR = YES;
				GCC_WARN_UNINITIALIZED_AUTOS = YES_AGGRESSIVE;
				GCC_WARN_UNUSED_FUNCTION = YES;
				GCC_WARN_UNUSED_VARIABLE = YES;
				IPHONEOS_DEPLOYMENT_TARGET = 15.5;
				MTL_ENABLE_DEBUG_INFO = INCLUDE_SOURCE;
				MTL_FAST_MATH = YES;
				ONLY_ACTIVE_ARCH = YES;
				SDKROOT = iphoneos;
				SWIFT_ACTIVE_COMPILATION_CONDITIONS = DEBUG;
				SWIFT_OPTIMIZATION_LEVEL = "-Onone";
			};
			name = Debug;
		};
		843B094428886A89001BFAD1 /* Release */ = {
			isa = XCBuildConfiguration;
			buildSettings = {
				ALWAYS_SEARCH_USER_PATHS = NO;
				CLANG_ANALYZER_NONNULL = YES;
				CLANG_ANALYZER_NUMBER_OBJECT_CONVERSION = YES_AGGRESSIVE;
				CLANG_CXX_LANGUAGE_STANDARD = "gnu++17";
				CLANG_ENABLE_MODULES = YES;
				CLANG_ENABLE_OBJC_ARC = YES;
				CLANG_ENABLE_OBJC_WEAK = YES;
				CLANG_WARN_BLOCK_CAPTURE_AUTORELEASING = YES;
				CLANG_WARN_BOOL_CONVERSION = YES;
				CLANG_WARN_COMMA = YES;
				CLANG_WARN_CONSTANT_CONVERSION = YES;
				CLANG_WARN_DEPRECATED_OBJC_IMPLEMENTATIONS = YES;
				CLANG_WARN_DIRECT_OBJC_ISA_USAGE = YES_ERROR;
				CLANG_WARN_DOCUMENTATION_COMMENTS = YES;
				CLANG_WARN_EMPTY_BODY = YES;
				CLANG_WARN_ENUM_CONVERSION = YES;
				CLANG_WARN_INFINITE_RECURSION = YES;
				CLANG_WARN_INT_CONVERSION = YES;
				CLANG_WARN_NON_LITERAL_NULL_CONVERSION = YES;
				CLANG_WARN_OBJC_IMPLICIT_RETAIN_SELF = YES;
				CLANG_WARN_OBJC_LITERAL_CONVERSION = YES;
				CLANG_WARN_OBJC_ROOT_CLASS = YES_ERROR;
				CLANG_WARN_QUOTED_INCLUDE_IN_FRAMEWORK_HEADER = YES;
				CLANG_WARN_RANGE_LOOP_ANALYSIS = YES;
				CLANG_WARN_STRICT_PROTOTYPES = YES;
				CLANG_WARN_SUSPICIOUS_MOVE = YES;
				CLANG_WARN_UNGUARDED_AVAILABILITY = YES_AGGRESSIVE;
				CLANG_WARN_UNREACHABLE_CODE = YES;
				CLANG_WARN__DUPLICATE_METHOD_MATCH = YES;
				COPY_PHASE_STRIP = NO;
				DEBUG_INFORMATION_FORMAT = "dwarf-with-dsym";
				ENABLE_NS_ASSERTIONS = NO;
				ENABLE_STRICT_OBJC_MSGSEND = YES;
				GCC_C_LANGUAGE_STANDARD = gnu11;
				GCC_NO_COMMON_BLOCKS = YES;
				GCC_WARN_64_TO_32_BIT_CONVERSION = YES;
				GCC_WARN_ABOUT_RETURN_TYPE = YES_ERROR;
				GCC_WARN_UNDECLARED_SELECTOR = YES;
				GCC_WARN_UNINITIALIZED_AUTOS = YES_AGGRESSIVE;
				GCC_WARN_UNUSED_FUNCTION = YES;
				GCC_WARN_UNUSED_VARIABLE = YES;
				IPHONEOS_DEPLOYMENT_TARGET = 15.5;
				MTL_ENABLE_DEBUG_INFO = NO;
				MTL_FAST_MATH = YES;
				SDKROOT = iphoneos;
				SWIFT_COMPILATION_MODE = wholemodule;
				SWIFT_OPTIMIZATION_LEVEL = "-O";
				VALIDATE_PRODUCT = YES;
			};
			name = Release;
		};
		843B094628886A89001BFAD1 /* Debug */ = {
			isa = XCBuildConfiguration;
			buildSettings = {
				ASSETCATALOG_COMPILER_APPICON_NAME = AppIcon;
				ASSETCATALOG_COMPILER_GLOBAL_ACCENT_COLOR_NAME = AccentColor;
				CODE_SIGN_STYLE = Automatic;
				CURRENT_PROJECT_VERSION = 1;
				DEVELOPMENT_TEAM = Q6XS9G2H7P;
				GENERATE_INFOPLIST_FILE = YES;
				INFOPLIST_FILE = CoreDataEgzersiz/Info.plist;
				INFOPLIST_KEY_UIApplicationSupportsIndirectInputEvents = YES;
				INFOPLIST_KEY_UILaunchStoryboardName = LaunchScreen;
				INFOPLIST_KEY_UIMainStoryboardFile = Main;
				INFOPLIST_KEY_UISupportedInterfaceOrientations_iPad = "UIInterfaceOrientationPortrait UIInterfaceOrientationPortraitUpsideDown UIInterfaceOrientationLandscapeLeft UIInterfaceOrientationLandscapeRight";
				INFOPLIST_KEY_UISupportedInterfaceOrientations_iPhone = "UIInterfaceOrientationPortrait UIInterfaceOrientationLandscapeLeft UIInterfaceOrientationLandscapeRight";
				LD_RUNPATH_SEARCH_PATHS = (
					"$(inherited)",
					"@executable_path/Frameworks",
				);
				MARKETING_VERSION = 1.0;
				PRODUCT_BUNDLE_IDENTIFIER = yasinozmeen.CoreDataEgzersiz;
				PRODUCT_NAME = "$(TARGET_NAME)";
				SWIFT_EMIT_LOC_STRINGS = YES;
				SWIFT_VERSION = 5.0;
				TARGETED_DEVICE_FAMILY = "1,2";
			};
			name = Debug;
		};
		843B094728886A89001BFAD1 /* Release */ = {
			isa = XCBuildConfiguration;
			buildSettings = {
				ASSETCATALOG_COMPILER_APPICON_NAME = AppIcon;
				ASSETCATALOG_COMPILER_GLOBAL_ACCENT_COLOR_NAME = AccentColor;
				CODE_SIGN_STYLE = Automatic;
				CURRENT_PROJECT_VERSION = 1;
				DEVELOPMENT_TEAM = Q6XS9G2H7P;
				GENERATE_INFOPLIST_FILE = YES;
				INFOPLIST_FILE = CoreDataEgzersiz/Info.plist;
				INFOPLIST_KEY_UIApplicationSupportsIndirectInputEvents = YES;
				INFOPLIST_KEY_UILaunchStoryboardName = LaunchScreen;
				INFOPLIST_KEY_UIMainStoryboardFile = Main;
				INFOPLIST_KEY_UISupportedInterfaceOrientations_iPad = "UIInterfaceOrientationPortrait UIInterfaceOrientationPortraitUpsideDown UIInterfaceOrientationLandscapeLeft UIInterfaceOrientationLandscapeRight";
				INFOPLIST_KEY_UISupportedInterfaceOrientations_iPhone = "UIInterfaceOrientationPortrait UIInterfaceOrientationLandscapeLeft UIInterfaceOrientationLandscapeRight";
				LD_RUNPATH_SEARCH_PATHS = (
					"$(inherited)",
					"@executable_path/Frameworks",
				);
				MARKETING_VERSION = 1.0;
				PRODUCT_BUNDLE_IDENTIFIER = yasinozmeen.CoreDataEgzersiz;
				PRODUCT_NAME = "$(TARGET_NAME)";
				SWIFT_EMIT_LOC_STRINGS = YES;
				SWIFT_VERSION = 5.0;
				TARGETED_DEVICE_FAMILY = "1,2";
			};
			name = Release;
		};
/* End XCBuildConfiguration section */

/* Begin XCConfigurationList section */
		843B092C28886A87001BFAD1 /* Build configuration list for PBXProject "CoreDataEgzersiz" */ = {
			isa = XCConfigurationList;
			buildConfigurations = (
				843B094328886A89001BFAD1 /* Debug */,
				843B094428886A89001BFAD1 /* Release */,
			);
			defaultConfigurationIsVisible = 0;
			defaultConfigurationName = Release;
		};
		843B094528886A89001BFAD1 /* Build configuration list for PBXNativeTarget "CoreDataEgzersiz" */ = {
			isa = XCConfigurationList;
			buildConfigurations = (
				843B094628886A89001BFAD1 /* Debug */,
				843B094728886A89001BFAD1 /* Release */,
			);
			defaultConfigurationIsVisible = 0;
			defaultConfigurationName = Release;
		};
/* End XCConfigurationList section */

/* Begin XCVersionGroup section */
		84EAFFE528893B7900DF221F /* Filmler.xcdatamodeld */ = {
			isa = XCVersionGroup;
			children = (
				84EAFFE628893B7900DF221F /* Filmler.xcdatamodel */,
			);
			currentVersion = 84EAFFE628893B7900DF221F /* Filmler.xcdatamodel */;
			path = Filmler.xcdatamodeld;
			sourceTree = "<group>";
			versionGroupType = wrapper.xcdatamodel;
		};
/* End XCVersionGroup section */
	};
	rootObject = 843B092928886A87001BFAD1 /* Project object */;
}
