// !$*UTF8*$!
{
	archiveVersion = 1;
	classes = {
	};
	objectVersion = 55;
	objects = {

/* Begin PBXBuildFile section */
		84386042289560BC00F90FF4 /* AppDelegate.swift in Sources */ = {isa = PBXBuildFile; fileRef = 84386041289560BC00F90FF4 /* AppDelegate.swift */; };
		84386044289560BC00F90FF4 /* SceneDelegate.swift in Sources */ = {isa = PBXBuildFile; fileRef = 84386043289560BC00F90FF4 /* SceneDelegate.swift */; };
		84386046289560BC00F90FF4 /* ViewController.swift in Sources */ = {isa = PBXBuildFile; fileRef = 84386045289560BC00F90FF4 /* ViewController.swift */; };
		84386049289560BC00F90FF4 /* Main.storyboard in Resources */ = {isa = PBXBuildFile; fileRef = 84386047289560BC00F90FF4 /* Main.storyboard */; };
		8438604B289560BF00F90FF4 /* Assets.xcassets in Resources */ = {isa = PBXBuildFile; fileRef = 8438604A289560BF00F90FF4 /* Assets.xcassets */; };
		8438604E289560BF00F90FF4 /* LaunchScreen.storyboard in Resources */ = {isa = PBXBuildFile; fileRef = 8438604C289560BF00F90FF4 /* LaunchScreen.storyboard */; };
		843860852896850900F90FF4 /* FMDatabaseAdditions.m in Sources */ = {isa = PBXBuildFile; fileRef = 8438607A2896850900F90FF4 /* FMDatabaseAdditions.m */; };
		843860862896850900F90FF4 /* FMDatabase.m in Sources */ = {isa = PBXBuildFile; fileRef = 8438607D2896850900F90FF4 /* FMDatabase.m */; };
		843860872896850900F90FF4 /* FMDatabaseQueue.m in Sources */ = {isa = PBXBuildFile; fileRef = 8438607E2896850900F90FF4 /* FMDatabaseQueue.m */; };
		843860882896850900F90FF4 /* FMResultSet.m in Sources */ = {isa = PBXBuildFile; fileRef = 8438607F2896850900F90FF4 /* FMResultSet.m */; };
		843860892896850900F90FF4 /* FMDatabasePool.m in Sources */ = {isa = PBXBuildFile; fileRef = 843860822896850900F90FF4 /* FMDatabasePool.m */; };
		8438608D2896853D00F90FF4 /* filmler.sqlite in Resources */ = {isa = PBXBuildFile; fileRef = 8438608C2896853D00F90FF4 /* filmler.sqlite */; };
		8438608F2896856D00F90FF4 /* katogorilerViewController.swift in Sources */ = {isa = PBXBuildFile; fileRef = 8438608E2896856D00F90FF4 /* katogorilerViewController.swift */; };
		843860912896857C00F90FF4 /* filmDetayViewController.swift in Sources */ = {isa = PBXBuildFile; fileRef = 843860902896857C00F90FF4 /* filmDetayViewController.swift */; };
/* End PBXBuildFile section */

/* Begin PBXFileReference section */
		8438603E289560BC00F90FF4 /* FilmUygulaması.app */ = {isa = PBXFileReference; explicitFileType = wrapper.application; includeInIndex = 0; path = "FilmUygulaması.app"; sourceTree = BUILT_PRODUCTS_DIR; };
		84386041289560BC00F90FF4 /* AppDelegate.swift */ = {isa = PBXFileReference; lastKnownFileType = sourcecode.swift; path = AppDelegate.swift; sourceTree = "<group>"; };
		84386043289560BC00F90FF4 /* SceneDelegate.swift */ = {isa = PBXFileReference; lastKnownFileType = sourcecode.swift; path = SceneDelegate.swift; sourceTree = "<group>"; };
		84386045289560BC00F90FF4 /* ViewController.swift */ = {isa = PBXFileReference; lastKnownFileType = sourcecode.swift; path = ViewController.swift; sourceTree = "<group>"; };
		84386048289560BC00F90FF4 /* Base */ = {isa = PBXFileReference; lastKnownFileType = file.storyboard; name = Base; path = Base.lproj/Main.storyboard; sourceTree = "<group>"; };
		8438604A289560BF00F90FF4 /* Assets.xcassets */ = {isa = PBXFileReference; lastKnownFileType = folder.assetcatalog; path = Assets.xcassets; sourceTree = "<group>"; };
		8438604D289560BF00F90FF4 /* Base */ = {isa = PBXFileReference; lastKnownFileType = file.storyboard; name = Base; path = Base.lproj/LaunchScreen.storyboard; sourceTree = "<group>"; };
		8438604F289560BF00F90FF4 /* Info.plist */ = {isa = PBXFileReference; lastKnownFileType = text.plist.xml; path = Info.plist; sourceTree = "<group>"; };
		843860792896850800F90FF4 /* FilmUygulaması-Bridging-Header.h */ = {isa = PBXFileReference; lastKnownFileType = sourcecode.c.h; path = "FilmUygulaması-Bridging-Header.h"; sourceTree = "<group>"; };
		8438607A2896850900F90FF4 /* FMDatabaseAdditions.m */ = {isa = PBXFileReference; fileEncoding = 4; lastKnownFileType = sourcecode.c.objc; path = FMDatabaseAdditions.m; sourceTree = "<group>"; };
		8438607B2896850900F90FF4 /* FMResultSet.h */ = {isa = PBXFileReference; fileEncoding = 4; lastKnownFileType = sourcecode.c.h; path = FMResultSet.h; sourceTree = "<group>"; };
		8438607C2896850900F90FF4 /* FMDatabaseQueue.h */ = {isa = PBXFileReference; fileEncoding = 4; lastKnownFileType = sourcecode.c.h; path = FMDatabaseQueue.h; sourceTree = "<group>"; };
		8438607D2896850900F90FF4 /* FMDatabase.m */ = {isa = PBXFileReference; fileEncoding = 4; lastKnownFileType = sourcecode.c.objc; path = FMDatabase.m; sourceTree = "<group>"; };
		8438607E2896850900F90FF4 /* FMDatabaseQueue.m */ = {isa = PBXFileReference; fileEncoding = 4; lastKnownFileType = sourcecode.c.objc; path = FMDatabaseQueue.m; sourceTree = "<group>"; };
		8438607F2896850900F90FF4 /* FMResultSet.m */ = {isa = PBXFileReference; fileEncoding = 4; lastKnownFileType = sourcecode.c.objc; path = FMResultSet.m; sourceTree = "<group>"; };
		843860802896850900F90FF4 /* FMDatabase.h */ = {isa = PBXFileReference; fileEncoding = 4; lastKnownFileType = sourcecode.c.h; path = FMDatabase.h; sourceTree = "<group>"; };
		843860812896850900F90FF4 /* FMDatabasePool.h */ = {isa = PBXFileReference; fileEncoding = 4; lastKnownFileType = sourcecode.c.h; path = FMDatabasePool.h; sourceTree = "<group>"; };
		843860822896850900F90FF4 /* FMDatabasePool.m */ = {isa = PBXFileReference; fileEncoding = 4; lastKnownFileType = sourcecode.c.objc; path = FMDatabasePool.m; sourceTree = "<group>"; };
		843860832896850900F90FF4 /* FMDB.h */ = {isa = PBXFileReference; fileEncoding = 4; lastKnownFileType = sourcecode.c.h; path = FMDB.h; sourceTree = "<group>"; };
		843860842896850900F90FF4 /* FMDatabaseAdditions.h */ = {isa = PBXFileReference; fileEncoding = 4; lastKnownFileType = sourcecode.c.h; path = FMDatabaseAdditions.h; sourceTree = "<group>"; };
		8438608B2896851400F90FF4 /* libsqlite3.tbd */ = {isa = PBXFileReference; lastKnownFileType = "sourcecode.text-based-dylib-definition"; name = libsqlite3.tbd; path = usr/lib/libsqlite3.tbd; sourceTree = SDKROOT; };
		8438608C2896853D00F90FF4 /* filmler.sqlite */ = {isa = PBXFileReference; lastKnownFileType = file; path = filmler.sqlite; sourceTree = "<group>"; };
		8438608E2896856D00F90FF4 /* katogorilerViewController.swift */ = {isa = PBXFileReference; lastKnownFileType = sourcecode.swift; path = katogorilerViewController.swift; sourceTree = "<group>"; };
		843860902896857C00F90FF4 /* filmDetayViewController.swift */ = {isa = PBXFileReference; lastKnownFileType = sourcecode.swift; path = filmDetayViewController.swift; sourceTree = "<group>"; };
/* End PBXFileReference section */

/* Begin PBXFrameworksBuildPhase section */
		8438603B289560BC00F90FF4 /* Frameworks */ = {
			isa = PBXFrameworksBuildPhase;
			buildActionMask = 2147483647;
			files = (
			);
			runOnlyForDeploymentPostprocessing = 0;
		};
/* End PBXFrameworksBuildPhase section */

/* Begin PBXGroup section */
		84386035289560BC00F90FF4 = {
			isa = PBXGroup;
			children = (
				84386040289560BC00F90FF4 /* FilmUygulaması */,
				8438603F289560BC00F90FF4 /* Products */,
				8438608A2896851400F90FF4 /* Frameworks */,
			);
			sourceTree = "<group>";
		};
		8438603F289560BC00F90FF4 /* Products */ = {
			isa = PBXGroup;
			children = (
				8438603E289560BC00F90FF4 /* FilmUygulaması.app */,
			);
			name = Products;
			sourceTree = "<group>";
		};
		84386040289560BC00F90FF4 /* FilmUygulaması */ = {
			isa = PBXGroup;
			children = (
				84386041289560BC00F90FF4 /* AppDelegate.swift */,
				84386043289560BC00F90FF4 /* SceneDelegate.swift */,
				84386045289560BC00F90FF4 /* ViewController.swift */,
				84386047289560BC00F90FF4 /* Main.storyboard */,
				8438608E2896856D00F90FF4 /* katogorilerViewController.swift */,
				843860902896857C00F90FF4 /* filmDetayViewController.swift */,
				8438604A289560BF00F90FF4 /* Assets.xcassets */,
				8438604C289560BF00F90FF4 /* LaunchScreen.storyboard */,
				8438604F289560BF00F90FF4 /* Info.plist */,
				843860802896850900F90FF4 /* FMDatabase.h */,
				8438607D2896850900F90FF4 /* FMDatabase.m */,
				843860842896850900F90FF4 /* FMDatabaseAdditions.h */,
				8438607A2896850900F90FF4 /* FMDatabaseAdditions.m */,
				843860812896850900F90FF4 /* FMDatabasePool.h */,
				843860822896850900F90FF4 /* FMDatabasePool.m */,
				8438607C2896850900F90FF4 /* FMDatabaseQueue.h */,
				8438607E2896850900F90FF4 /* FMDatabaseQueue.m */,
				843860832896850900F90FF4 /* FMDB.h */,
				8438607B2896850900F90FF4 /* FMResultSet.h */,
				8438607F2896850900F90FF4 /* FMResultSet.m */,
				843860792896850800F90FF4 /* FilmUygulaması-Bridging-Header.h */,
				8438608C2896853D00F90FF4 /* filmler.sqlite */,
			);
			path = "FilmUygulaması";
			sourceTree = "<group>";
		};
		8438608A2896851400F90FF4 /* Frameworks */ = {
			isa = PBXGroup;
			children = (
				8438608B2896851400F90FF4 /* libsqlite3.tbd */,
			);
			name = Frameworks;
			sourceTree = "<group>";
		};
/* End PBXGroup section */

/* Begin PBXNativeTarget section */
		8438603D289560BC00F90FF4 /* FilmUygulaması */ = {
			isa = PBXNativeTarget;
			buildConfigurationList = 84386052289560BF00F90FF4 /* Build configuration list for PBXNativeTarget "FilmUygulaması" */;
			buildPhases = (
				8438603A289560BC00F90FF4 /* Sources */,
				8438603B289560BC00F90FF4 /* Frameworks */,
				8438603C289560BC00F90FF4 /* Resources */,
			);
			buildRules = (
			);
			dependencies = (
			);
			name = "FilmUygulaması";
			productName = "FilmUygulaması";
			productReference = 8438603E289560BC00F90FF4 /* FilmUygulaması.app */;
			productType = "com.apple.product-type.application";
		};
/* End PBXNativeTarget section */

/* Begin PBXProject section */
		84386036289560BC00F90FF4 /* Project object */ = {
			isa = PBXProject;
			attributes = {
				BuildIndependentTargetsInParallel = 1;
				LastSwiftUpdateCheck = 1340;
				LastUpgradeCheck = 1340;
				TargetAttributes = {
					8438603D289560BC00F90FF4 = {
						CreatedOnToolsVersion = 13.4.1;
						LastSwiftMigration = 1340;
					};
				};
			};
			buildConfigurationList = 84386039289560BC00F90FF4 /* Build configuration list for PBXProject "FilmUygulaması" */;
			compatibilityVersion = "Xcode 13.0";
			developmentRegion = en;
			hasScannedForEncodings = 0;
			knownRegions = (
				en,
				Base,
			);
			mainGroup = 84386035289560BC00F90FF4;
			productRefGroup = 8438603F289560BC00F90FF4 /* Products */;
			projectDirPath = "";
			projectRoot = "";
			targets = (
				8438603D289560BC00F90FF4 /* FilmUygulaması */,
			);
		};
/* End PBXProject section */

/* Begin PBXResourcesBuildPhase section */
		8438603C289560BC00F90FF4 /* Resources */ = {
			isa = PBXResourcesBuildPhase;
			buildActionMask = 2147483647;
			files = (
				8438604E289560BF00F90FF4 /* LaunchScreen.storyboard in Resources */,
				8438608D2896853D00F90FF4 /* filmler.sqlite in Resources */,
				8438604B289560BF00F90FF4 /* Assets.xcassets in Resources */,
				84386049289560BC00F90FF4 /* Main.storyboard in Resources */,
			);
			runOnlyForDeploymentPostprocessing = 0;
		};
/* End PBXResourcesBuildPhase section */

/* Begin PBXSourcesBuildPhase section */
		8438603A289560BC00F90FF4 /* Sources */ = {
			isa = PBXSourcesBuildPhase;
			buildActionMask = 2147483647;
			files = (
				84386046289560BC00F90FF4 /* ViewController.swift in Sources */,
				84386042289560BC00F90FF4 /* AppDelegate.swift in Sources */,
				843860882896850900F90FF4 /* FMResultSet.m in Sources */,
				84386044289560BC00F90FF4 /* SceneDelegate.swift in Sources */,
				843860912896857C00F90FF4 /* filmDetayViewController.swift in Sources */,
				8438608F2896856D00F90FF4 /* katogorilerViewController.swift in Sources */,
				843860862896850900F90FF4 /* FMDatabase.m in Sources */,
				843860892896850900F90FF4 /* FMDatabasePool.m in Sources */,
				843860852896850900F90FF4 /* FMDatabaseAdditions.m in Sources */,
				843860872896850900F90FF4 /* FMDatabaseQueue.m in Sources */,
			);
			runOnlyForDeploymentPostprocessing = 0;
		};
/* End PBXSourcesBuildPhase section */

/* Begin PBXVariantGroup section */
		84386047289560BC00F90FF4 /* Main.storyboard */ = {
			isa = PBXVariantGroup;
			children = (
				84386048289560BC00F90FF4 /* Base */,
			);
			name = Main.storyboard;
			sourceTree = "<group>";
		};
		8438604C289560BF00F90FF4 /* LaunchScreen.storyboard */ = {
			isa = PBXVariantGroup;
			children = (
				8438604D289560BF00F90FF4 /* Base */,
			);
			name = LaunchScreen.storyboard;
			sourceTree = "<group>";
		};
/* End PBXVariantGroup section */

/* Begin XCBuildConfiguration section */
		84386050289560BF00F90FF4 /* Debug */ = {
			isa = XCBuildConfiguration;
			buildSettings = {
				ALWAYS_SEARCH_USER_PATHS = NO;
				CLANG_ANALYZER_NONNULL = YES;
				CLANG_ANALYZER_NUMBER_OBJECT_CONVERSION = YES_AGGRESSIVE;
				CLANG_CXX_LANGUAGE_STANDARD = "gnu++17";
				CLANG_ENABLE_MODULES = YES;
				CLANG_ENABLE_OBJC_ARC = YES;
				CLANG_ENABLE_OBJC_WEAK = YES;
				CLANG_WARN_BLOCK_CAPTURE_AUTORELEASING = YES;
				CLANG_WARN_BOOL_CONVERSION = YES;
				CLANG_WARN_COMMA = YES;
				CLANG_WARN_CONSTANT_CONVERSION = YES;
				CLANG_WARN_DEPRECATED_OBJC_IMPLEMENTATIONS = YES;
				CLANG_WARN_DIRECT_OBJC_ISA_USAGE = YES_ERROR;
				CLANG_WARN_DOCUMENTATION_COMMENTS = YES;
				CLANG_WARN_EMPTY_BODY = YES;
				CLANG_WARN_ENUM_CONVERSION = YES;
				CLANG_WARN_INFINITE_RECURSION = YES;
				CLANG_WARN_INT_CONVERSION = YES;
				CLANG_WARN_NON_LITERAL_NULL_CONVERSION = YES;
				CLANG_WARN_OBJC_IMPLICIT_RETAIN_SELF = YES;
				CLANG_WARN_OBJC_LITERAL_CONVERSION = YES;
				CLANG_WARN_OBJC_ROOT_CLASS = YES_ERROR;
				CLANG_WARN_QUOTED_INCLUDE_IN_FRAMEWORK_HEADER = YES;
				CLANG_WARN_RANGE_LOOP_ANALYSIS = YES;
				CLANG_WARN_STRICT_PROTOTYPES = YES;
				CLANG_WARN_SUSPICIOUS_MOVE = YES;
				CLANG_WARN_UNGUARDED_AVAILABILITY = YES_AGGRESSIVE;
				CLANG_WARN_UNREACHABLE_CODE = YES;
				CLANG_WARN__DUPLICATE_METHOD_MATCH = YES;
				COPY_PHASE_STRIP = NO;
				DEBUG_INFORMATION_FORMAT = dwarf;
				ENABLE_STRICT_OBJC_MSGSEND = YES;
				ENABLE_TESTABILITY = YES;
				GCC_C_LANGUAGE_STANDARD = gnu11;
				GCC_DYNAMIC_NO_PIC = NO;
				GCC_NO_COMMON_BLOCKS = YES;
				GCC_OPTIMIZATION_LEVEL = 0;
				GCC_PREPROCESSOR_DEFINITIONS = (
					"DEBUG=1",
					"$(inherited)",
				);
				GCC_WARN_64_TO_32_BIT_CONVERSION = YES;
				GCC_WARN_ABOUT_RETURN_TYPE = YES_ERROR;
				GCC_WARN_UNDECLARED_SELECTOR = YES;
				GCC_WARN_UNINITIALIZED_AUTOS = YES_AGGRESSIVE;
				GCC_WARN_UNUSED_FUNCTION = YES;
				GCC_WARN_UNUSED_VARIABLE = YES;
				IPHONEOS_DEPLOYMENT_TARGET = 15.5;
				MTL_ENABLE_DEBUG_INFO = INCLUDE_SOURCE;
				MTL_FAST_MATH = YES;
				ONLY_ACTIVE_ARCH = YES;
				SDKROOT = iphoneos;
				SWIFT_ACTIVE_COMPILATION_CONDITIONS = DEBUG;
				SWIFT_OPTIMIZATION_LEVEL = "-Onone";
			};
			name = Debug;
		};
		84386051289560BF00F90FF4 /* Release */ = {
			isa = XCBuildConfiguration;
			buildSettings = {
				ALWAYS_SEARCH_USER_PATHS = NO;
				CLANG_ANALYZER_NONNULL = YES;
				CLANG_ANALYZER_NUMBER_OBJECT_CONVERSION = YES_AGGRESSIVE;
				CLANG_CXX_LANGUAGE_STANDARD = "gnu++17";
				CLANG_ENABLE_MODULES = YES;
				CLANG_ENABLE_OBJC_ARC = YES;
				CLANG_ENABLE_OBJC_WEAK = YES;
				CLANG_WARN_BLOCK_CAPTURE_AUTORELEASING = YES;
				CLANG_WARN_BOOL_CONVERSION = YES;
				CLANG_WARN_COMMA = YES;
				CLANG_WARN_CONSTANT_CONVERSION = YES;
				CLANG_WARN_DEPRECATED_OBJC_IMPLEMENTATIONS = YES;
				CLANG_WARN_DIRECT_OBJC_ISA_USAGE = YES_ERROR;
				CLANG_WARN_DOCUMENTATION_COMMENTS = YES;
				CLANG_WARN_EMPTY_BODY = YES;
				CLANG_WARN_ENUM_CONVERSION = YES;
				CLANG_WARN_INFINITE_RECURSION = YES;
				CLANG_WARN_INT_CONVERSION = YES;
				CLANG_WARN_NON_LITERAL_NULL_CONVERSION = YES;
				CLANG_WARN_OBJC_IMPLICIT_RETAIN_SELF = YES;
				CLANG_WARN_OBJC_LITERAL_CONVERSION = YES;
				CLANG_WARN_OBJC_ROOT_CLASS = YES_ERROR;
				CLANG_WARN_QUOTED_INCLUDE_IN_FRAMEWORK_HEADER = YES;
				CLANG_WARN_RANGE_LOOP_ANALYSIS = YES;
				CLANG_WARN_STRICT_PROTOTYPES = YES;
				CLANG_WARN_SUSPICIOUS_MOVE = YES;
				CLANG_WARN_UNGUARDED_AVAILABILITY = YES_AGGRESSIVE;
				CLANG_WARN_UNREACHABLE_CODE = YES;
				CLANG_WARN__DUPLICATE_METHOD_MATCH = YES;
				COPY_PHASE_STRIP = NO;
				DEBUG_INFORMATION_FORMAT = "dwarf-with-dsym";
				ENABLE_NS_ASSERTIONS = NO;
				ENABLE_STRICT_OBJC_MSGSEND = YES;
				GCC_C_LANGUAGE_STANDARD = gnu11;
				GCC_NO_COMMON_BLOCKS = YES;
				GCC_WARN_64_TO_32_BIT_CONVERSION = YES;
				GCC_WARN_ABOUT_RETURN_TYPE = YES_ERROR;
				GCC_WARN_UNDECLARED_SELECTOR = YES;
				GCC_WARN_UNINITIALIZED_AUTOS = YES_AGGRESSIVE;
				GCC_WARN_UNUSED_FUNCTION = YES;
				GCC_WARN_UNUSED_VARIABLE = YES;
				IPHONEOS_DEPLOYMENT_TARGET = 15.5;
				MTL_ENABLE_DEBUG_INFO = NO;
				MTL_FAST_MATH = YES;
				SDKROOT = iphoneos;
				SWIFT_COMPILATION_MODE = wholemodule;
				SWIFT_OPTIMIZATION_LEVEL = "-O";
				VALIDATE_PRODUCT = YES;
			};
			name = Release;
		};
		84386053289560BF00F90FF4 /* Debug */ = {
			isa = XCBuildConfiguration;
			buildSettings = {
				ASSETCATALOG_COMPILER_APPICON_NAME = AppIcon;
				ASSETCATALOG_COMPILER_GLOBAL_ACCENT_COLOR_NAME = AccentColor;
				CLANG_ENABLE_MODULES = YES;
				CODE_SIGN_STYLE = Automatic;
				CURRENT_PROJECT_VERSION = 1;
				DEVELOPMENT_TEAM = Q6XS9G2H7P;
				GENERATE_INFOPLIST_FILE = YES;
				INFOPLIST_FILE = "FilmUygulaması/Info.plist";
				INFOPLIST_KEY_UIApplicationSupportsIndirectInputEvents = YES;
				INFOPLIST_KEY_UILaunchStoryboardName = LaunchScreen;
				INFOPLIST_KEY_UIMainStoryboardFile = Main;
				INFOPLIST_KEY_UISupportedInterfaceOrientations_iPad = "UIInterfaceOrientationPortrait UIInterfaceOrientationPortraitUpsideDown UIInterfaceOrientationLandscapeLeft UIInterfaceOrientationLandscapeRight";
				INFOPLIST_KEY_UISupportedInterfaceOrientations_iPhone = "UIInterfaceOrientationPortrait UIInterfaceOrientationLandscapeLeft UIInterfaceOrientationLandscapeRight";
				LD_RUNPATH_SEARCH_PATHS = (
					"$(inherited)",
					"@executable_path/Frameworks",
				);
				MARKETING_VERSION = 1.0;
				PRODUCT_BUNDLE_IDENTIFIER = "yasinozmeen.FilmUygulamas-";
				PRODUCT_NAME = "$(TARGET_NAME)";
				SWIFT_EMIT_LOC_STRINGS = YES;
				SWIFT_OBJC_BRIDGING_HEADER = "FilmUygulaması/FilmUygulaması-Bridging-Header.h";
				SWIFT_OPTIMIZATION_LEVEL = "-Onone";
				SWIFT_VERSION = 5.0;
				TARGETED_DEVICE_FAMILY = "1,2";
			};
			name = Debug;
		};
		84386054289560BF00F90FF4 /* Release */ = {
			isa = XCBuildConfiguration;
			buildSettings = {
				ASSETCATALOG_COMPILER_APPICON_NAME = AppIcon;
				ASSETCATALOG_COMPILER_GLOBAL_ACCENT_COLOR_NAME = AccentColor;
				CLANG_ENABLE_MODULES = YES;
				CODE_SIGN_STYLE = Automatic;
				CURRENT_PROJECT_VERSION = 1;
				DEVELOPMENT_TEAM = Q6XS9G2H7P;
				GENERATE_INFOPLIST_FILE = YES;
				INFOPLIST_FILE = "FilmUygulaması/Info.plist";
				INFOPLIST_KEY_UIApplicationSupportsIndirectInputEvents = YES;
				INFOPLIST_KEY_UILaunchStoryboardName = LaunchScreen;
				INFOPLIST_KEY_UIMainStoryboardFile = Main;
				INFOPLIST_KEY_UISupportedInterfaceOrientations_iPad = "UIInterfaceOrientationPortrait UIInterfaceOrientationPortraitUpsideDown UIInterfaceOrientationLandscapeLeft UIInterfaceOrientationLandscapeRight";
				INFOPLIST_KEY_UISupportedInterfaceOrientations_iPhone = "UIInterfaceOrientationPortrait UIInterfaceOrientationLandscapeLeft UIInterfaceOrientationLandscapeRight";
				LD_RUNPATH_SEARCH_PATHS = (
					"$(inherited)",
					"@executable_path/Frameworks",
				);
				MARKETING_VERSION = 1.0;
				PRODUCT_BUNDLE_IDENTIFIER = "yasinozmeen.FilmUygulamas-";
				PRODUCT_NAME = "$(TARGET_NAME)";
				SWIFT_EMIT_LOC_STRINGS = YES;
				SWIFT_OBJC_BRIDGING_HEADER = "FilmUygulaması/FilmUygulaması-Bridging-Header.h";
				SWIFT_VERSION = 5.0;
				TARGETED_DEVICE_FAMILY = "1,2";
			};
			name = Release;
		};
/* End XCBuildConfiguration section */

/* Begin XCConfigurationList section */
		84386039289560BC00F90FF4 /* Build configuration list for PBXProject "FilmUygulaması" */ = {
			isa = XCConfigurationList;
			buildConfigurations = (
				84386050289560BF00F90FF4 /* Debug */,
				84386051289560BF00F90FF4 /* Release */,
			);
			defaultConfigurationIsVisible = 0;
			defaultConfigurationName = Release;
		};
		84386052289560BF00F90FF4 /* Build configuration list for PBXNativeTarget "FilmUygulaması" */ = {
			isa = XCConfigurationList;
			buildConfigurations = (
				84386053289560BF00F90FF4 /* Debug */,
				84386054289560BF00F90FF4 /* Release */,
			);
			defaultConfigurationIsVisible = 0;
			defaultConfigurationName = Release;
		};
/* End XCConfigurationList section */
	};
	rootObject = 84386036289560BC00F90FF4 /* Project object */;
}
