// !$*UTF8*$!
{
	archiveVersion = 1;
	classes = {
	};
	objectVersion = 55;
	objects = {

/* Begin PBXBuildFile section */
		84B2F27928A0109500434A5F /* AppDelegate.swift in Sources */ = {isa = PBXBuildFile; fileRef = 84B2F27828A0109500434A5F /* AppDelegate.swift */; };
		84B2F27B28A0109500434A5F /* SceneDelegate.swift in Sources */ = {isa = PBXBuildFile; fileRef = 84B2F27A28A0109500434A5F /* SceneDelegate.swift */; };
		84B2F27D28A0109500434A5F /* ViewController.swift in Sources */ = {isa = PBXBuildFile; fileRef = 84B2F27C28A0109500434A5F /* ViewController.swift */; };
		84B2F28028A0109500434A5F /* Main.storyboard in Resources */ = {isa = PBXBuildFile; fileRef = 84B2F27E28A0109500434A5F /* Main.storyboard */; };
		84B2F28228A0109700434A5F /* Assets.xcassets in Resources */ = {isa = PBXBuildFile; fileRef = 84B2F28128A0109700434A5F /* Assets.xcassets */; };
		84B2F28528A0109700434A5F /* LaunchScreen.storyboard in Resources */ = {isa = PBXBuildFile; fileRef = 84B2F28328A0109700434A5F /* LaunchScreen.storyboard */; };
		84B2F28D28A0110F00434A5F /* NotHucreTableViewCell.swift in Sources */ = {isa = PBXBuildFile; fileRef = 84B2F28C28A0110F00434A5F /* NotHucreTableViewCell.swift */; };
		84B2F28F28A0111E00434A5F /* NotEkleViewController.swift in Sources */ = {isa = PBXBuildFile; fileRef = 84B2F28E28A0111E00434A5F /* NotEkleViewController.swift */; };
		84B2F29128A0112A00434A5F /* NotDetayViewController.swift in Sources */ = {isa = PBXBuildFile; fileRef = 84B2F29028A0112A00434A5F /* NotDetayViewController.swift */; };
		84B2F29328A0113C00434A5F /* Notlar.swift in Sources */ = {isa = PBXBuildFile; fileRef = 84B2F29228A0113C00434A5F /* Notlar.swift */; };
		84B2F29528A01B9300434A5F /* NotlarCevap.swift in Sources */ = {isa = PBXBuildFile; fileRef = 84B2F29428A01B9300434A5F /* NotlarCevap.swift */; };
/* End PBXBuildFile section */

/* Begin PBXFileReference section */
		84B2F27528A0109500434A5F /* URLSessionNotlarUygulamasi.app */ = {isa = PBXFileReference; explicitFileType = wrapper.application; includeInIndex = 0; path = URLSessionNotlarUygulamasi.app; sourceTree = BUILT_PRODUCTS_DIR; };
		84B2F27828A0109500434A5F /* AppDelegate.swift */ = {isa = PBXFileReference; lastKnownFileType = sourcecode.swift; path = AppDelegate.swift; sourceTree = "<group>"; };
		84B2F27A28A0109500434A5F /* SceneDelegate.swift */ = {isa = PBXFileReference; lastKnownFileType = sourcecode.swift; path = SceneDelegate.swift; sourceTree = "<group>"; };
		84B2F27C28A0109500434A5F /* ViewController.swift */ = {isa = PBXFileReference; lastKnownFileType = sourcecode.swift; path = ViewController.swift; sourceTree = "<group>"; };
		84B2F27F28A0109500434A5F /* Base */ = {isa = PBXFileReference; lastKnownFileType = file.storyboard; name = Base; path = Base.lproj/Main.storyboard; sourceTree = "<group>"; };
		84B2F28128A0109700434A5F /* Assets.xcassets */ = {isa = PBXFileReference; lastKnownFileType = folder.assetcatalog; path = Assets.xcassets; sourceTree = "<group>"; };
		84B2F28428A0109700434A5F /* Base */ = {isa = PBXFileReference; lastKnownFileType = file.storyboard; name = Base; path = Base.lproj/LaunchScreen.storyboard; sourceTree = "<group>"; };
		84B2F28628A0109700434A5F /* Info.plist */ = {isa = PBXFileReference; lastKnownFileType = text.plist.xml; path = Info.plist; sourceTree = "<group>"; };
		84B2F28C28A0110F00434A5F /* NotHucreTableViewCell.swift */ = {isa = PBXFileReference; lastKnownFileType = sourcecode.swift; path = NotHucreTableViewCell.swift; sourceTree = "<group>"; };
		84B2F28E28A0111E00434A5F /* NotEkleViewController.swift */ = {isa = PBXFileReference; lastKnownFileType = sourcecode.swift; path = NotEkleViewController.swift; sourceTree = "<group>"; };
		84B2F29028A0112A00434A5F /* NotDetayViewController.swift */ = {isa = PBXFileReference; lastKnownFileType = sourcecode.swift; path = NotDetayViewController.swift; sourceTree = "<group>"; };
		84B2F29228A0113C00434A5F /* Notlar.swift */ = {isa = PBXFileReference; lastKnownFileType = sourcecode.swift; path = Notlar.swift; sourceTree = "<group>"; };
		84B2F29428A01B9300434A5F /* NotlarCevap.swift */ = {isa = PBXFileReference; lastKnownFileType = sourcecode.swift; path = NotlarCevap.swift; sourceTree = "<group>"; };
/* End PBXFileReference section */

/* Begin PBXFrameworksBuildPhase section */
		84B2F27228A0109500434A5F /* Frameworks */ = {
			isa = PBXFrameworksBuildPhase;
			buildActionMask = 2147483647;
			files = (
			);
			runOnlyForDeploymentPostprocessing = 0;
		};
/* End PBXFrameworksBuildPhase section */

/* Begin PBXGroup section */
		84B2F26C28A0109500434A5F = {
			isa = PBXGroup;
			children = (
				84B2F27728A0109500434A5F /* URLSessionNotlarUygulamasi */,
				84B2F27628A0109500434A5F /* Products */,
			);
			sourceTree = "<group>";
		};
		84B2F27628A0109500434A5F /* Products */ = {
			isa = PBXGroup;
			children = (
				84B2F27528A0109500434A5F /* URLSessionNotlarUygulamasi.app */,
			);
			name = Products;
			sourceTree = "<group>";
		};
		84B2F27728A0109500434A5F /* URLSessionNotlarUygulamasi */ = {
			isa = PBXGroup;
			children = (
				84B2F27828A0109500434A5F /* AppDelegate.swift */,
				84B2F27A28A0109500434A5F /* SceneDelegate.swift */,
				84B2F27C28A0109500434A5F /* ViewController.swift */,
				84B2F27E28A0109500434A5F /* Main.storyboard */,
				84B2F28C28A0110F00434A5F /* NotHucreTableViewCell.swift */,
				84B2F28E28A0111E00434A5F /* NotEkleViewController.swift */,
				84B2F29028A0112A00434A5F /* NotDetayViewController.swift */,
				84B2F29228A0113C00434A5F /* Notlar.swift */,
				84B2F29428A01B9300434A5F /* NotlarCevap.swift */,
				84B2F28128A0109700434A5F /* Assets.xcassets */,
				84B2F28328A0109700434A5F /* LaunchScreen.storyboard */,
				84B2F28628A0109700434A5F /* Info.plist */,
			);
			path = URLSessionNotlarUygulamasi;
			sourceTree = "<group>";
		};
/* End PBXGroup section */

/* Begin PBXNativeTarget section */
		84B2F27428A0109500434A5F /* URLSessionNotlarUygulamasi */ = {
			isa = PBXNativeTarget;
			buildConfigurationList = 84B2F28928A0109700434A5F /* Build configuration list for PBXNativeTarget "URLSessionNotlarUygulamasi" */;
			buildPhases = (
				84B2F27128A0109500434A5F /* Sources */,
				84B2F27228A0109500434A5F /* Frameworks */,
				84B2F27328A0109500434A5F /* Resources */,
			);
			buildRules = (
			);
			dependencies = (
			);
			name = URLSessionNotlarUygulamasi;
			productName = URLSessionNotlarUygulamasi;
			productReference = 84B2F27528A0109500434A5F /* URLSessionNotlarUygulamasi.app */;
			productType = "com.apple.product-type.application";
		};
/* End PBXNativeTarget section */

/* Begin PBXProject section */
		84B2F26D28A0109500434A5F /* Project object */ = {
			isa = PBXProject;
			attributes = {
				BuildIndependentTargetsInParallel = 1;
				LastSwiftUpdateCheck = 1340;
				LastUpgradeCheck = 1340;
				TargetAttributes = {
					84B2F27428A0109500434A5F = {
						CreatedOnToolsVersion = 13.4.1;
					};
				};
			};
			buildConfigurationList = 84B2F27028A0109500434A5F /* Build configuration list for PBXProject "URLSessionNotlarUygulamasi" */;
			compatibilityVersion = "Xcode 13.0";
			developmentRegion = en;
			hasScannedForEncodings = 0;
			knownRegions = (
				en,
				Base,
			);
			mainGroup = 84B2F26C28A0109500434A5F;
			productRefGroup = 84B2F27628A0109500434A5F /* Products */;
			projectDirPath = "";
			projectRoot = "";
			targets = (
				84B2F27428A0109500434A5F /* URLSessionNotlarUygulamasi */,
			);
		};
/* End PBXProject section */

/* Begin PBXResourcesBuildPhase section */
		84B2F27328A0109500434A5F /* Resources */ = {
			isa = PBXResourcesBuildPhase;
			buildActionMask = 2147483647;
			files = (
				84B2F28528A0109700434A5F /* LaunchScreen.storyboard in Resources */,
				84B2F28228A0109700434A5F /* Assets.xcassets in Resources */,
				84B2F28028A0109500434A5F /* Main.storyboard in Resources */,
			);
			runOnlyForDeploymentPostprocessing = 0;
		};
/* End PBXResourcesBuildPhase section */

/* Begin PBXSourcesBuildPhase section */
		84B2F27128A0109500434A5F /* Sources */ = {
			isa = PBXSourcesBuildPhase;
			buildActionMask = 2147483647;
			files = (
				84B2F27D28A0109500434A5F /* ViewController.swift in Sources */,
				84B2F29328A0113C00434A5F /* Notlar.swift in Sources */,
				84B2F28F28A0111E00434A5F /* NotEkleViewController.swift in Sources */,
				84B2F29528A01B9300434A5F /* NotlarCevap.swift in Sources */,
				84B2F28D28A0110F00434A5F /* NotHucreTableViewCell.swift in Sources */,
				84B2F27928A0109500434A5F /* AppDelegate.swift in Sources */,
				84B2F29128A0112A00434A5F /* NotDetayViewController.swift in Sources */,
				84B2F27B28A0109500434A5F /* SceneDelegate.swift in Sources */,
			);
			runOnlyForDeploymentPostprocessing = 0;
		};
/* End PBXSourcesBuildPhase section */

/* Begin PBXVariantGroup section */
		84B2F27E28A0109500434A5F /* Main.storyboard */ = {
			isa = PBXVariantGroup;
			children = (
				84B2F27F28A0109500434A5F /* Base */,
			);
			name = Main.storyboard;
			sourceTree = "<group>";
		};
		84B2F28328A0109700434A5F /* LaunchScreen.storyboard */ = {
			isa = PBXVariantGroup;
			children = (
				84B2F28428A0109700434A5F /* Base */,
			);
			name = LaunchScreen.storyboard;
			sourceTree = "<group>";
		};
/* End PBXVariantGroup section */

/* Begin XCBuildConfiguration section */
		84B2F28728A0109700434A5F /* Debug */ = {
			isa = XCBuildConfiguration;
			buildSettings = {
				ALWAYS_SEARCH_USER_PATHS = NO;
				CLANG_ANALYZER_NONNULL = YES;
				CLANG_ANALYZER_NUMBER_OBJECT_CONVERSION = YES_AGGRESSIVE;
				CLANG_CXX_LANGUAGE_STANDARD = "gnu++17";
				CLANG_ENABLE_MODULES = YES;
				CLANG_ENABLE_OBJC_ARC = YES;
				CLANG_ENABLE_OBJC_WEAK = YES;
				CLANG_WARN_BLOCK_CAPTURE_AUTORELEASING = YES;
				CLANG_WARN_BOOL_CONVERSION = YES;
				CLANG_WARN_COMMA = YES;
				CLANG_WARN_CONSTANT_CONVERSION = YES;
				CLANG_WARN_DEPRECATED_OBJC_IMPLEMENTATIONS = YES;
				CLANG_WARN_DIRECT_OBJC_ISA_USAGE = YES_ERROR;
				CLANG_WARN_DOCUMENTATION_COMMENTS = YES;
				CLANG_WARN_EMPTY_BODY = YES;
				CLANG_WARN_ENUM_CONVERSION = YES;
				CLANG_WARN_INFINITE_RECURSION = YES;
				CLANG_WARN_INT_CONVERSION = YES;
				CLANG_WARN_NON_LITERAL_NULL_CONVERSION = YES;
				CLANG_WARN_OBJC_IMPLICIT_RETAIN_SELF = YES;
				CLANG_WARN_OBJC_LITERAL_CONVERSION = YES;
				CLANG_WARN_OBJC_ROOT_CLASS = YES_ERROR;
				CLANG_WARN_QUOTED_INCLUDE_IN_FRAMEWORK_HEADER = YES;
				CLANG_WARN_RANGE_LOOP_ANALYSIS = YES;
				CLANG_WARN_STRICT_PROTOTYPES = YES;
				CLANG_WARN_SUSPICIOUS_MOVE = YES;
				CLANG_WARN_UNGUARDED_AVAILABILITY = YES_AGGRESSIVE;
				CLANG_WARN_UNREACHABLE_CODE = YES;
				CLANG_WARN__DUPLICATE_METHOD_MATCH = YES;
				COPY_PHASE_STRIP = NO;
				DEBUG_INFORMATION_FORMAT = dwarf;
				ENABLE_STRICT_OBJC_MSGSEND = YES;
				ENABLE_TESTABILITY = YES;
				GCC_C_LANGUAGE_STANDARD = gnu11;
				GCC_DYNAMIC_NO_PIC = NO;
				GCC_NO_COMMON_BLOCKS = YES;
				GCC_OPTIMIZATION_LEVEL = 0;
				GCC_PREPROCESSOR_DEFINITIONS = (
					"DEBUG=1",
					"$(inherited)",
				);
				GCC_WARN_64_TO_32_BIT_CONVERSION = YES;
				GCC_WARN_ABOUT_RETURN_TYPE = YES_ERROR;
				GCC_WARN_UNDECLARED_SELECTOR = YES;
				GCC_WARN_UNINITIALIZED_AUTOS = YES_AGGRESSIVE;
				GCC_WARN_UNUSED_FUNCTION = YES;
				GCC_WARN_UNUSED_VARIABLE = YES;
				IPHONEOS_DEPLOYMENT_TARGET = 15.5;
				MTL_ENABLE_DEBUG_INFO = INCLUDE_SOURCE;
				MTL_FAST_MATH = YES;
				ONLY_ACTIVE_ARCH = YES;
				SDKROOT = iphoneos;
				SWIFT_ACTIVE_COMPILATION_CONDITIONS = DEBUG;
				SWIFT_OPTIMIZATION_LEVEL = "-Onone";
			};
			name = Debug;
		};
		84B2F28828A0109700434A5F /* Release */ = {
			isa = XCBuildConfiguration;
			buildSettings = {
				ALWAYS_SEARCH_USER_PATHS = NO;
				CLANG_ANALYZER_NONNULL = YES;
				CLANG_ANALYZER_NUMBER_OBJECT_CONVERSION = YES_AGGRESSIVE;
				CLANG_CXX_LANGUAGE_STANDARD = "gnu++17";
				CLANG_ENABLE_MODULES = YES;
				CLANG_ENABLE_OBJC_ARC = YES;
				CLANG_ENABLE_OBJC_WEAK = YES;
				CLANG_WARN_BLOCK_CAPTURE_AUTORELEASING = YES;
				CLANG_WARN_BOOL_CONVERSION = YES;
				CLANG_WARN_COMMA = YES;
				CLANG_WARN_CONSTANT_CONVERSION = YES;
				CLANG_WARN_DEPRECATED_OBJC_IMPLEMENTATIONS = YES;
				CLANG_WARN_DIRECT_OBJC_ISA_USAGE = YES_ERROR;
				CLANG_WARN_DOCUMENTATION_COMMENTS = YES;
				CLANG_WARN_EMPTY_BODY = YES;
				CLANG_WARN_ENUM_CONVERSION = YES;
				CLANG_WARN_INFINITE_RECURSION = YES;
				CLANG_WARN_INT_CONVERSION = YES;
				CLANG_WARN_NON_LITERAL_NULL_CONVERSION = YES;
				CLANG_WARN_OBJC_IMPLICIT_RETAIN_SELF = YES;
				CLANG_WARN_OBJC_LITERAL_CONVERSION = YES;
				CLANG_WARN_OBJC_ROOT_CLASS = YES_ERROR;
				CLANG_WARN_QUOTED_INCLUDE_IN_FRAMEWORK_HEADER = YES;
				CLANG_WARN_RANGE_LOOP_ANALYSIS = YES;
				CLANG_WARN_STRICT_PROTOTYPES = YES;
				CLANG_WARN_SUSPICIOUS_MOVE = YES;
				CLANG_WARN_UNGUARDED_AVAILABILITY = YES_AGGRESSIVE;
				CLANG_WARN_UNREACHABLE_CODE = YES;
				CLANG_WARN__DUPLICATE_METHOD_MATCH = YES;
				COPY_PHASE_STRIP = NO;
				DEBUG_INFORMATION_FORMAT = "dwarf-with-dsym";
				ENABLE_NS_ASSERTIONS = NO;
				ENABLE_STRICT_OBJC_MSGSEND = YES;
				GCC_C_LANGUAGE_STANDARD = gnu11;
				GCC_NO_COMMON_BLOCKS = YES;
				GCC_WARN_64_TO_32_BIT_CONVERSION = YES;
				GCC_WARN_ABOUT_RETURN_TYPE = YES_ERROR;
				GCC_WARN_UNDECLARED_SELECTOR = YES;
				GCC_WARN_UNINITIALIZED_AUTOS = YES_AGGRESSIVE;
				GCC_WARN_UNUSED_FUNCTION = YES;
				GCC_WARN_UNUSED_VARIABLE = YES;
				IPHONEOS_DEPLOYMENT_TARGET = 15.5;
				MTL_ENABLE_DEBUG_INFO = NO;
				MTL_FAST_MATH = YES;
				SDKROOT = iphoneos;
				SWIFT_COMPILATION_MODE = wholemodule;
				SWIFT_OPTIMIZATION_LEVEL = "-O";
				VALIDATE_PRODUCT = YES;
			};
			name = Release;
		};
		84B2F28A28A0109700434A5F /* Debug */ = {
			isa = XCBuildConfiguration;
			buildSettings = {
				ASSETCATALOG_COMPILER_APPICON_NAME = AppIcon;
				ASSETCATALOG_COMPILER_GLOBAL_ACCENT_COLOR_NAME = AccentColor;
				CODE_SIGN_STYLE = Automatic;
				CURRENT_PROJECT_VERSION = 1;
				DEVELOPMENT_TEAM = Q6XS9G2H7P;
				GENERATE_INFOPLIST_FILE = YES;
				INFOPLIST_FILE = URLSessionNotlarUygulamasi/Info.plist;
				INFOPLIST_KEY_UIApplicationSupportsIndirectInputEvents = YES;
				INFOPLIST_KEY_UILaunchStoryboardName = LaunchScreen;
				INFOPLIST_KEY_UIMainStoryboardFile = Main;
				INFOPLIST_KEY_UISupportedInterfaceOrientations_iPad = "UIInterfaceOrientationPortrait UIInterfaceOrientationPortraitUpsideDown UIInterfaceOrientationLandscapeLeft UIInterfaceOrientationLandscapeRight";
				INFOPLIST_KEY_UISupportedInterfaceOrientations_iPhone = "UIInterfaceOrientationPortrait UIInterfaceOrientationLandscapeLeft UIInterfaceOrientationLandscapeRight";
				LD_RUNPATH_SEARCH_PATHS = (
					"$(inherited)",
					"@executable_path/Frameworks",
				);
				MARKETING_VERSION = 1.0;
				PRODUCT_BUNDLE_IDENTIFIER = yasinozmeen.URLSessionNotlarUygulamasi;
				PRODUCT_NAME = "$(TARGET_NAME)";
				SWIFT_EMIT_LOC_STRINGS = YES;
				SWIFT_VERSION = 5.0;
				TARGETED_DEVICE_FAMILY = "1,2";
			};
			name = Debug;
		};
		84B2F28B28A0109700434A5F /* Release */ = {
			isa = XCBuildConfiguration;
			buildSettings = {
				ASSETCATALOG_COMPILER_APPICON_NAME = AppIcon;
				ASSETCATALOG_COMPILER_GLOBAL_ACCENT_COLOR_NAME = AccentColor;
				CODE_SIGN_STYLE = Automatic;
				CURRENT_PROJECT_VERSION = 1;
				DEVELOPMENT_TEAM = Q6XS9G2H7P;
				GENERATE_INFOPLIST_FILE = YES;
				INFOPLIST_FILE = URLSessionNotlarUygulamasi/Info.plist;
				INFOPLIST_KEY_UIApplicationSupportsIndirectInputEvents = YES;
				INFOPLIST_KEY_UILaunchStoryboardName = LaunchScreen;
				INFOPLIST_KEY_UIMainStoryboardFile = Main;
				INFOPLIST_KEY_UISupportedInterfaceOrientations_iPad = "UIInterfaceOrientationPortrait UIInterfaceOrientationPortraitUpsideDown UIInterfaceOrientationLandscapeLeft UIInterfaceOrientationLandscapeRight";
				INFOPLIST_KEY_UISupportedInterfaceOrientations_iPhone = "UIInterfaceOrientationPortrait UIInterfaceOrientationLandscapeLeft UIInterfaceOrientationLandscapeRight";
				LD_RUNPATH_SEARCH_PATHS = (
					"$(inherited)",
					"@executable_path/Frameworks",
				);
				MARKETING_VERSION = 1.0;
				PRODUCT_BUNDLE_IDENTIFIER = yasinozmeen.URLSessionNotlarUygulamasi;
				PRODUCT_NAME = "$(TARGET_NAME)";
				SWIFT_EMIT_LOC_STRINGS = YES;
				SWIFT_VERSION = 5.0;
				TARGETED_DEVICE_FAMILY = "1,2";
			};
			name = Release;
		};
/* End XCBuildConfiguration section */

/* Begin XCConfigurationList section */
		84B2F27028A0109500434A5F /* Build configuration list for PBXProject "URLSessionNotlarUygulamasi" */ = {
			isa = XCConfigurationList;
			buildConfigurations = (
				84B2F28728A0109700434A5F /* Debug */,
				84B2F28828A0109700434A5F /* Release */,
			);
			defaultConfigurationIsVisible = 0;
			defaultConfigurationName = Release;
		};
		84B2F28928A0109700434A5F /* Build configuration list for PBXNativeTarget "URLSessionNotlarUygulamasi" */ = {
			isa = XCConfigurationList;
			buildConfigurations = (
				84B2F28A28A0109700434A5F /* Debug */,
				84B2F28B28A0109700434A5F /* Release */,
			);
			defaultConfigurationIsVisible = 0;
			defaultConfigurationName = Release;
		};
/* End XCConfigurationList section */
	};
	rootObject = 84B2F26D28A0109500434A5F /* Project object */;
}
